PODS:
  - AFNetworking (3.1.0):
    - AFNetworking/NSURLSession (= 3.1.0)
    - AFNetworking/Reachability (= 3.1.0)
    - AFNetworking/Security (= 3.1.0)
    - AFNetworking/Serialization (= 3.1.0)
    - AFNetworking/UIKit (= 3.1.0)
  - AFNetworking/NSURLSession (3.1.0):
    - AFNetworking/Reachability
    - AFNetworking/Security
    - AFNetworking/Serialization
  - AFNetworking/Reachability (3.1.0)
  - AFNetworking/Security (3.1.0)
  - AFNetworking/Serialization (3.1.0)
  - AFNetworking/UIKit (3.1.0):
    - AFNetworking/NSURLSession
  - CTMediator (44)
  - dsBridge (3.0.6)
  - FBRetainCycleDetector (0.1.4)
  - fishhook (0.2)
  - Kiwi (3.0.0)
  - Masonry (1.0.2)
  - Objection (1.6.1)
  - ReactiveCocoa (2.5):
    - ReactiveCocoa/UI (= 2.5)
  - ReactiveCocoa/Core (2.5):
    - ReactiveCocoa/no-arc
  - ReactiveCocoa/no-arc (2.5)
  - ReactiveCocoa/UI (2.5):
    - ReactiveCocoa/Core
  - ReactiveViewModel (0.3):
    - ReactiveCocoa (~> 2.4)
  - REFormattedNumberField (1.1.6)
  - RETableViewManager (1.7):
    - REFormattedNumberField (~> 1.1.5)
    - REValidation (~> 0.1.4)
  - REValidation (0.1.4)
  - SDWebImage (5.8.4):
    - SDWebImage/Core (= 5.8.4)
  - SDWebImage/Core (5.8.4)
  - YYKit (1.0.9):
    - YYKit/no-arc (= 1.0.9)
  - YYKit/no-arc (1.0.9)

DEPENDENCIES:
  - AFNetworking (~> 3.1.0)
  - CTMediator
  - dsBridge
  - FBRetainCycleDetector
  - fishhook (= 0.2)
  - Kiwi
  - Masonry (~> 1.0.2)
  - Objection (= 1.6.1)
  - ReactiveCocoa (~> 2.5)
  - ReactiveViewModel (~> 0.3)
  - RETableViewManager (~> 1.7)
  - REValidation (~> 0.1.4)
  - SDWebImage (~> 5.8.4)
  - YYKit (from `https://github.com/cfxiao/YYKit.git`)

SPEC REPOS:
  trunk:
    - AFNetworking
    - CTMediator
    - dsBridge
    - FBRetainCycleDetector
    - fishhook
    - Kiwi
    - Masonry
    - Objection
    - ReactiveCocoa
    - ReactiveViewModel
    - REFormattedNumberField
    - RETableViewManager
    - REValidation
    - SDWebImage

EXTERNAL SOURCES:
  YYKit:
    :git: https://github.com/cfxiao/YYKit.git

CHECKOUT OPTIONS:
  YYKit:
    :commit: 704f41ec871ce3095d0a00be522eb45944823b3d
    :git: https://github.com/cfxiao/YYKit.git

SPEC CHECKSUMS:
  AFNetworking: 5e0e199f73d8626b11e79750991f5d173d1f8b67
  CTMediator: 933dba523da87bf875e4a7e8728945fbc512f1d2
  dsBridge: 48b62ee8a411ad601a88d6f6c8cf6cb634b206b7
  FBRetainCycleDetector: 46f8179bbb1c587deee3ea838a1a3ee02acf5015
  fishhook: ea19933abfe8f2f52c55fd8b6e2718467d3ebc89
  Kiwi: fbeafef0f00e4d8f7dcb3420a4930afe70af77f7
  Masonry: 7c429b56da9d4ee0bbb3ed77a5ea710d6a5df39e
  Objection: ed03f2219cb22d2b5b893114219fe6c7e3263bde
  ReactiveCocoa: e2db045570aa97c695e7aa97c2bcab222ae51f4a
  ReactiveViewModel: 58918dcbcec2d3151195ab1ed9163c57a8163999
  REFormattedNumberField: 70fc5fb1218ebd5ee9983820defd12806d5c6ec6
  RETableViewManager: 0f24d796c42c0890d38c79cc9aeb3871e186726e
  REValidation: 38c4de1be58455f8b00aab208ac80db316a66b7f
  SDWebImage: cf6922231e95550934da2ada0f20f2becf2ceba9
  YYKit: 7cda43304a8dc3696c449041e2cb3107b4e236e7

PODFILE CHECKSUM: f957aef2ab034360405f68eae396653902f7cbd2

COCOAPODS: 1.10.0
