// !$*UTF8*$!
{
	archiveVersion = 1;
	classes = {
	};
	objectVersion = 51;
	objects = {

/* Begin PBXBuildFile section */
		281A32DBFCF3DB9F9E4E6A7E /* Pods_CQProjectTests.framework in Frameworks */ = {isa = PBXBuildFile; fileRef = AA6E51D4DAFCE3711D665006 /* Pods_CQProjectTests.framework */; };
		3B021CD424D6721E00D44AF9 /* CQDownloadTestViewController.m in Sources */ = {isa = PBXBuildFile; fileRef = 3B021CD324D6721E00D44AF9 /* CQDownloadTestViewController.m */; };
		3B021CDD24D6816B00D44AF9 /* MJDownloadManager.m in Sources */ = {isa = PBXBuildFile; fileRef = 3B021CD724D6816B00D44AF9 /* MJDownloadManager.m */; };
		3B021CDE24D6816B00D44AF9 /* MJDownloadConst.m in Sources */ = {isa = PBXBuildFile; fileRef = 3B021CD824D6816B00D44AF9 /* MJDownloadConst.m */; };
		3B021CDF24D6816B00D44AF9 /* NSString+MJDownload.m in Sources */ = {isa = PBXBuildFile; fileRef = 3B021CDB24D6816B00D44AF9 /* NSString+MJDownload.m */; };
		3B021CE324D6CFF000D44AF9 /* CQVideoPlayerViewController.m in Sources */ = {isa = PBXBuildFile; fileRef = 3B021CE224D6CFF000D44AF9 /* CQVideoPlayerViewController.m */; };
		3B021CE624D6D08A00D44AF9 /* CQVideoPlayerAVPlayerViewController.m in Sources */ = {isa = PBXBuildFile; fileRef = 3B021CE524D6D08A00D44AF9 /* CQVideoPlayerAVPlayerViewController.m */; };
		3B021CEB24D7B5EF00D44AF9 /* NSString+CQDownload.m in Sources */ = {isa = PBXBuildFile; fileRef = 3B021CEA24D7B5EF00D44AF9 /* NSString+CQDownload.m */; };
		3B021CEE24D7B98E00D44AF9 /* CQTwoDownloadManager.m in Sources */ = {isa = PBXBuildFile; fileRef = 3B021CED24D7B98E00D44AF9 /* CQTwoDownloadManager.m */; };
		3B1F2B3324D9661400EED37A /* CQRuntimeViewController.m in Sources */ = {isa = PBXBuildFile; fileRef = 3B1F2B3224D9661400EED37A /* CQRuntimeViewController.m */; };
		3B1F2B3624D966DC00EED37A /* CQRuntimeViewController+A.m in Sources */ = {isa = PBXBuildFile; fileRef = 3B1F2B3524D966DC00EED37A /* CQRuntimeViewController+A.m */; };
		3B1F2B3924D966EB00EED37A /* CQRuntimeViewController+B.m in Sources */ = {isa = PBXBuildFile; fileRef = 3B1F2B3824D966EB00EED37A /* CQRuntimeViewController+B.m */; };
		3B1F2B3C24DA4F1D00EED37A /* CQRuntimeSubViewController.m in Sources */ = {isa = PBXBuildFile; fileRef = 3B1F2B3B24DA4F1D00EED37A /* CQRuntimeSubViewController.m */; };
		3B1F2B3F24DBF57100EED37A /* CQTestUIView.m in Sources */ = {isa = PBXBuildFile; fileRef = 3B1F2B3E24DBF57100EED37A /* CQTestUIView.m */; };
		3B1F2B4224DBF76000EED37A /* CQTestUIButton.m in Sources */ = {isa = PBXBuildFile; fileRef = 3B1F2B4124DBF76000EED37A /* CQTestUIButton.m */; };
		3B51DB0024C7ED2100BBE0B4 /* CQImageDownloader.m in Sources */ = {isa = PBXBuildFile; fileRef = 3B51DAFF24C7ED2100BBE0B4 /* CQImageDownloader.m */; };
		3B51DB0624C82DC800BBE0B4 /* CQGCDViewController.m in Sources */ = {isa = PBXBuildFile; fileRef = 3B51DB0524C82DC800BBE0B4 /* CQGCDViewController.m */; };
		3B51DB0924C8330800BBE0B4 /* CQOperation.m in Sources */ = {isa = PBXBuildFile; fileRef = 3B51DB0824C8330800BBE0B4 /* CQOperation.m */; };
		3B6736FC24C7DD31007F0D4C /* CQGuestTestView.m in Sources */ = {isa = PBXBuildFile; fileRef = 3B6736FB24C7DD31007F0D4C /* CQGuestTestView.m */; };
		3B71A09524C5174D00F695D2 /* AppDelegate.m in Sources */ = {isa = PBXBuildFile; fileRef = 3B71A09424C5174D00F695D2 /* AppDelegate.m */; };
		3B71A09B24C5174D00F695D2 /* CQRootViewController.m in Sources */ = {isa = PBXBuildFile; fileRef = 3B71A09A24C5174D00F695D2 /* CQRootViewController.m */; };
		3B71A09E24C5174D00F695D2 /* Main.storyboard in Resources */ = {isa = PBXBuildFile; fileRef = 3B71A09C24C5174D00F695D2 /* Main.storyboard */; };
		3B71A0A024C5174E00F695D2 /* Assets.xcassets in Resources */ = {isa = PBXBuildFile; fileRef = 3B71A09F24C5174E00F695D2 /* Assets.xcassets */; };
		3B71A0A324C5174E00F695D2 /* LaunchScreen.storyboard in Resources */ = {isa = PBXBuildFile; fileRef = 3B71A0A124C5174E00F695D2 /* LaunchScreen.storyboard */; };
		3B71A0A624C5174E00F695D2 /* main.m in Sources */ = {isa = PBXBuildFile; fileRef = 3B71A0A524C5174E00F695D2 /* main.m */; };
		3B71A0B024C5174E00F695D2 /* CQProjectTests.m in Sources */ = {isa = PBXBuildFile; fileRef = 3B71A0AF24C5174E00F695D2 /* CQProjectTests.m */; };
		3B71A0BB24C5174E00F695D2 /* CQProjectUITests.m in Sources */ = {isa = PBXBuildFile; fileRef = 3B71A0BA24C5174E00F695D2 /* CQProjectUITests.m */; };
		3B71A0CA24C51A8A00F695D2 /* CQRootNavigationViewController.m in Sources */ = {isa = PBXBuildFile; fileRef = 3B71A0C924C51A8A00F695D2 /* CQRootNavigationViewController.m */; };
		3B8F7A3C24DCF94D00378E99 /* CQiOSDevelopmentViewController.m in Sources */ = {isa = PBXBuildFile; fileRef = 3B8F7A3B24DCF94D00378E99 /* CQiOSDevelopmentViewController.m */; };
		3B8F7A4124DDA59800378E99 /* CQBDDTestViewController.m in Sources */ = {isa = PBXBuildFile; fileRef = 3B8F7A4024DDA59800378E99 /* CQBDDTestViewController.m */; };
		3B9C2EA424C6E85700CF811A /* UIButton+Expand.m in Sources */ = {isa = PBXBuildFile; fileRef = 3B9C2EA324C6E85700CF811A /* UIButton+Expand.m */; };
		3B9C2EA824C7077500CF811A /* CQComponentViewController.m in Sources */ = {isa = PBXBuildFile; fileRef = 3B9C2EA724C7077500CF811A /* CQComponentViewController.m */; };
		3BB736F824DE621000D890E2 /* CQBDDTestViewControllerSpec.m in Sources */ = {isa = PBXBuildFile; fileRef = 3BB736F724DE621000D890E2 /* CQBDDTestViewControllerSpec.m */; };
		3BBD030524E13FC8003D9BCE /* CQWeakObject.m in Sources */ = {isa = PBXBuildFile; fileRef = 3BBD030424E13FC8003D9BCE /* CQWeakObject.m */; };
		3BBD031824E17F88003D9BCE /* CQCallStack.m in Sources */ = {isa = PBXBuildFile; fileRef = 3BBD031724E17F88003D9BCE /* CQCallStack.m */; };
		3BBD031B24E23910003D9BCE /* CQOCSubLViewController.m in Sources */ = {isa = PBXBuildFile; fileRef = 3BBD031A24E23910003D9BCE /* CQOCSubLViewController.m */; };
		3BBD032324E39835003D9BCE /* CQ16InstruMentsViewController.m in Sources */ = {isa = PBXBuildFile; fileRef = 3BBD032224E39835003D9BCE /* CQ16InstruMentsViewController.m */; };
		3BE0026724CB534B00829706 /* CQUIViewController.m in Sources */ = {isa = PBXBuildFile; fileRef = 3BE0026624CB534B00829706 /* CQUIViewController.m */; };
		3BE0026B24CBB2D700829706 /* CQOCLViewController.m in Sources */ = {isa = PBXBuildFile; fileRef = 3BE0026A24CBB2D700829706 /* CQOCLViewController.m */; };
		3BE0026E24CBB33F00829706 /* CQStudent.m in Sources */ = {isa = PBXBuildFile; fileRef = 3BE0026D24CBB33F00829706 /* CQStudent.m */; };
		3BE0027124CBB56000829706 /* CQPerson.m in Sources */ = {isa = PBXBuildFile; fileRef = 3BE0027024CBB56000829706 /* CQPerson.m */; };
		3BEC4F3C24C5216C0085935F /* CQKVOViewController.m in Sources */ = {isa = PBXBuildFile; fileRef = 3BEC4F3B24C5216C0085935F /* CQKVOViewController.m */; };
		3BEC4F4224C5222B0085935F /* NSObject+CQKVO.m in Sources */ = {isa = PBXBuildFile; fileRef = 3BEC4F4124C5222B0085935F /* NSObject+CQKVO.m */; };
		3BEC4F4624C569A20085935F /* Person.m in Sources */ = {isa = PBXBuildFile; fileRef = 3BEC4F4524C569A20085935F /* Person.m */; };
		3BEC4F4924C575CF0085935F /* CQTwoKVOViewController.m in Sources */ = {isa = PBXBuildFile; fileRef = 3BEC4F4824C575CF0085935F /* CQTwoKVOViewController.m */; };
		3BEC4F4D24C57A7B0085935F /* CQBaseViewController.m in Sources */ = {isa = PBXBuildFile; fileRef = 3BEC4F4C24C57A7B0085935F /* CQBaseViewController.m */; };
		3BEC4F5924C5CA430085935F /* CQGestureRecognizerViewController.m in Sources */ = {isa = PBXBuildFile; fileRef = 3BEC4F5824C5CA430085935F /* CQGestureRecognizerViewController.m */; };
		3BF42D1724CD1CBB00AA6977 /* CQOtherViewController.m in Sources */ = {isa = PBXBuildFile; fileRef = 3BF42D1624CD1CBB00AA6977 /* CQOtherViewController.m */; };
		3BF42D1A24CD1CD300AA6977 /* Target_kvoTwo.m in Sources */ = {isa = PBXBuildFile; fileRef = 3BF42D1924CD1CD300AA6977 /* Target_kvoTwo.m */; };
		3BF42D1D24CD557600AA6977 /* CQURLSessionManager.m in Sources */ = {isa = PBXBuildFile; fileRef = 3BF42D1C24CD557600AA6977 /* CQURLSessionManager.m */; };
		3BF42D2124CD857600AA6977 /* CQWebViewController.m in Sources */ = {isa = PBXBuildFile; fileRef = 3BF42D2024CD857600AA6977 /* CQWebViewController.m */; };
		3BF42D2E24D28EC200AA6977 /* CQRunLoopViewController.m in Sources */ = {isa = PBXBuildFile; fileRef = 3BF42D2D24D28EC200AA6977 /* CQRunLoopViewController.m */; };
		3BF42D3524D5213500AA6977 /* index.html in Resources */ = {isa = PBXBuildFile; fileRef = 3BF42D3424D5213500AA6977 /* index.html */; };
		3BF42D3E24D65E9600AA6977 /* YYFPSLabel.m in Sources */ = {isa = PBXBuildFile; fileRef = 3BF42D3D24D65E9600AA6977 /* YYFPSLabel.m */; };
		7A50556EA950B7AD99544FAF /* Pods_CQProject.framework in Frameworks */ = {isa = PBXBuildFile; fileRef = 44DE81A2BD888586EF454870 /* Pods_CQProject.framework */; };
		DBB70DA760ABD3BDA43C1DDE /* Pods_CQProjectUITests.framework in Frameworks */ = {isa = PBXBuildFile; fileRef = 19A6C31F07F450336ACED9D2 /* Pods_CQProjectUITests.framework */; };
/* End PBXBuildFile section */

/* Begin PBXContainerItemProxy section */
		3B71A0AC24C5174E00F695D2 /* PBXContainerItemProxy */ = {
			isa = PBXContainerItemProxy;
			containerPortal = 3B71A08824C5174D00F695D2 /* Project object */;
			proxyType = 1;
			remoteGlobalIDString = 3B71A08F24C5174D00F695D2;
			remoteInfo = CQProject;
		};
		3B71A0B724C5174E00F695D2 /* PBXContainerItemProxy */ = {
			isa = PBXContainerItemProxy;
			containerPortal = 3B71A08824C5174D00F695D2 /* Project object */;
			proxyType = 1;
			remoteGlobalIDString = 3B71A08F24C5174D00F695D2;
			remoteInfo = CQProject;
		};
/* End PBXContainerItemProxy section */

/* Begin PBXFileReference section */
		08963E625E968B6E00D4203A /* Pods-CQProjectTests.release.xcconfig */ = {isa = PBXFileReference; includeInIndex = 1; lastKnownFileType = text.xcconfig; name = "Pods-CQProjectTests.release.xcconfig"; path = "Target Support Files/Pods-CQProjectTests/Pods-CQProjectTests.release.xcconfig"; sourceTree = "<group>"; };
		19A6C31F07F450336ACED9D2 /* Pods_CQProjectUITests.framework */ = {isa = PBXFileReference; explicitFileType = wrapper.framework; includeInIndex = 0; path = Pods_CQProjectUITests.framework; sourceTree = BUILT_PRODUCTS_DIR; };
		3B021CD224D6721E00D44AF9 /* CQDownloadTestViewController.h */ = {isa = PBXFileReference; lastKnownFileType = sourcecode.c.h; path = CQDownloadTestViewController.h; sourceTree = "<group>"; };
		3B021CD324D6721E00D44AF9 /* CQDownloadTestViewController.m */ = {isa = PBXFileReference; lastKnownFileType = sourcecode.c.objc; path = CQDownloadTestViewController.m; sourceTree = "<group>"; };
		3B021CD624D6816B00D44AF9 /* NSString+MJDownload.h */ = {isa = PBXFileReference; fileEncoding = 4; lastKnownFileType = sourcecode.c.h; path = "NSString+MJDownload.h"; sourceTree = "<group>"; };
		3B021CD724D6816B00D44AF9 /* MJDownloadManager.m */ = {isa = PBXFileReference; fileEncoding = 4; lastKnownFileType = sourcecode.c.objc; path = MJDownloadManager.m; sourceTree = "<group>"; };
		3B021CD824D6816B00D44AF9 /* MJDownloadConst.m */ = {isa = PBXFileReference; fileEncoding = 4; lastKnownFileType = sourcecode.c.objc; path = MJDownloadConst.m; sourceTree = "<group>"; };
		3B021CD924D6816B00D44AF9 /* MJDownloadManager.h */ = {isa = PBXFileReference; fileEncoding = 4; lastKnownFileType = sourcecode.c.h; path = MJDownloadManager.h; sourceTree = "<group>"; };
		3B021CDA24D6816B00D44AF9 /* MJDownload.h */ = {isa = PBXFileReference; fileEncoding = 4; lastKnownFileType = sourcecode.c.h; path = MJDownload.h; sourceTree = "<group>"; };
		3B021CDB24D6816B00D44AF9 /* NSString+MJDownload.m */ = {isa = PBXFileReference; fileEncoding = 4; lastKnownFileType = sourcecode.c.objc; path = "NSString+MJDownload.m"; sourceTree = "<group>"; };
		3B021CDC24D6816B00D44AF9 /* MJDownloadConst.h */ = {isa = PBXFileReference; fileEncoding = 4; lastKnownFileType = sourcecode.c.h; path = MJDownloadConst.h; sourceTree = "<group>"; };
		3B021CE124D6CFF000D44AF9 /* CQVideoPlayerViewController.h */ = {isa = PBXFileReference; lastKnownFileType = sourcecode.c.h; path = CQVideoPlayerViewController.h; sourceTree = "<group>"; };
		3B021CE224D6CFF000D44AF9 /* CQVideoPlayerViewController.m */ = {isa = PBXFileReference; lastKnownFileType = sourcecode.c.objc; path = CQVideoPlayerViewController.m; sourceTree = "<group>"; };
		3B021CE424D6D08A00D44AF9 /* CQVideoPlayerAVPlayerViewController.h */ = {isa = PBXFileReference; lastKnownFileType = sourcecode.c.h; path = CQVideoPlayerAVPlayerViewController.h; sourceTree = "<group>"; };
		3B021CE524D6D08A00D44AF9 /* CQVideoPlayerAVPlayerViewController.m */ = {isa = PBXFileReference; lastKnownFileType = sourcecode.c.objc; path = CQVideoPlayerAVPlayerViewController.m; sourceTree = "<group>"; };
		3B021CE924D7B5EF00D44AF9 /* NSString+CQDownload.h */ = {isa = PBXFileReference; lastKnownFileType = sourcecode.c.h; path = "NSString+CQDownload.h"; sourceTree = "<group>"; };
		3B021CEA24D7B5EF00D44AF9 /* NSString+CQDownload.m */ = {isa = PBXFileReference; lastKnownFileType = sourcecode.c.objc; path = "NSString+CQDownload.m"; sourceTree = "<group>"; };
		3B021CEC24D7B98E00D44AF9 /* CQTwoDownloadManager.h */ = {isa = PBXFileReference; lastKnownFileType = sourcecode.c.h; path = CQTwoDownloadManager.h; sourceTree = "<group>"; };
		3B021CED24D7B98E00D44AF9 /* CQTwoDownloadManager.m */ = {isa = PBXFileReference; lastKnownFileType = sourcecode.c.objc; path = CQTwoDownloadManager.m; sourceTree = "<group>"; };
		3B1F2B3124D9661400EED37A /* CQRuntimeViewController.h */ = {isa = PBXFileReference; lastKnownFileType = sourcecode.c.h; path = CQRuntimeViewController.h; sourceTree = "<group>"; };
		3B1F2B3224D9661400EED37A /* CQRuntimeViewController.m */ = {isa = PBXFileReference; lastKnownFileType = sourcecode.c.objc; path = CQRuntimeViewController.m; sourceTree = "<group>"; };
		3B1F2B3424D966DC00EED37A /* CQRuntimeViewController+A.h */ = {isa = PBXFileReference; lastKnownFileType = sourcecode.c.h; path = "CQRuntimeViewController+A.h"; sourceTree = "<group>"; };
		3B1F2B3524D966DC00EED37A /* CQRuntimeViewController+A.m */ = {isa = PBXFileReference; lastKnownFileType = sourcecode.c.objc; path = "CQRuntimeViewController+A.m"; sourceTree = "<group>"; };
		3B1F2B3724D966EB00EED37A /* CQRuntimeViewController+B.h */ = {isa = PBXFileReference; lastKnownFileType = sourcecode.c.h; path = "CQRuntimeViewController+B.h"; sourceTree = "<group>"; };
		3B1F2B3824D966EB00EED37A /* CQRuntimeViewController+B.m */ = {isa = PBXFileReference; lastKnownFileType = sourcecode.c.objc; path = "CQRuntimeViewController+B.m"; sourceTree = "<group>"; };
		3B1F2B3A24DA4F1D00EED37A /* CQRuntimeSubViewController.h */ = {isa = PBXFileReference; lastKnownFileType = sourcecode.c.h; path = CQRuntimeSubViewController.h; sourceTree = "<group>"; };
		3B1F2B3B24DA4F1D00EED37A /* CQRuntimeSubViewController.m */ = {isa = PBXFileReference; lastKnownFileType = sourcecode.c.objc; path = CQRuntimeSubViewController.m; sourceTree = "<group>"; };
		3B1F2B3D24DBF57100EED37A /* CQTestUIView.h */ = {isa = PBXFileReference; lastKnownFileType = sourcecode.c.h; path = CQTestUIView.h; sourceTree = "<group>"; };
		3B1F2B3E24DBF57100EED37A /* CQTestUIView.m */ = {isa = PBXFileReference; lastKnownFileType = sourcecode.c.objc; path = CQTestUIView.m; sourceTree = "<group>"; };
		3B1F2B4024DBF76000EED37A /* CQTestUIButton.h */ = {isa = PBXFileReference; lastKnownFileType = sourcecode.c.h; path = CQTestUIButton.h; sourceTree = "<group>"; };
		3B1F2B4124DBF76000EED37A /* CQTestUIButton.m */ = {isa = PBXFileReference; lastKnownFileType = sourcecode.c.objc; path = CQTestUIButton.m; sourceTree = "<group>"; };
		3B51DAFE24C7ED2100BBE0B4 /* CQImageDownloader.h */ = {isa = PBXFileReference; lastKnownFileType = sourcecode.c.h; path = CQImageDownloader.h; sourceTree = "<group>"; };
		3B51DAFF24C7ED2100BBE0B4 /* CQImageDownloader.m */ = {isa = PBXFileReference; lastKnownFileType = sourcecode.c.objc; path = CQImageDownloader.m; sourceTree = "<group>"; };
		3B51DB0424C82DC800BBE0B4 /* CQGCDViewController.h */ = {isa = PBXFileReference; lastKnownFileType = sourcecode.c.h; path = CQGCDViewController.h; sourceTree = "<group>"; };
		3B51DB0524C82DC800BBE0B4 /* CQGCDViewController.m */ = {isa = PBXFileReference; lastKnownFileType = sourcecode.c.objc; path = CQGCDViewController.m; sourceTree = "<group>"; };
		3B51DB0724C8330800BBE0B4 /* CQOperation.h */ = {isa = PBXFileReference; lastKnownFileType = sourcecode.c.h; path = CQOperation.h; sourceTree = "<group>"; };
		3B51DB0824C8330800BBE0B4 /* CQOperation.m */ = {isa = PBXFileReference; lastKnownFileType = sourcecode.c.objc; path = CQOperation.m; sourceTree = "<group>"; };
		3B6736FA24C7DD31007F0D4C /* CQGuestTestView.h */ = {isa = PBXFileReference; lastKnownFileType = sourcecode.c.h; path = CQGuestTestView.h; sourceTree = "<group>"; };
		3B6736FB24C7DD31007F0D4C /* CQGuestTestView.m */ = {isa = PBXFileReference; lastKnownFileType = sourcecode.c.objc; path = CQGuestTestView.m; sourceTree = "<group>"; };
		3B71A09024C5174D00F695D2 /* CQProject.app */ = {isa = PBXFileReference; explicitFileType = wrapper.application; includeInIndex = 0; path = CQProject.app; sourceTree = BUILT_PRODUCTS_DIR; };
		3B71A09324C5174D00F695D2 /* AppDelegate.h */ = {isa = PBXFileReference; lastKnownFileType = sourcecode.c.h; path = AppDelegate.h; sourceTree = "<group>"; };
		3B71A09424C5174D00F695D2 /* AppDelegate.m */ = {isa = PBXFileReference; lastKnownFileType = sourcecode.c.objc; path = AppDelegate.m; sourceTree = "<group>"; };
		3B71A09924C5174D00F695D2 /* CQRootViewController.h */ = {isa = PBXFileReference; lastKnownFileType = sourcecode.c.h; path = CQRootViewController.h; sourceTree = "<group>"; };
		3B71A09A24C5174D00F695D2 /* CQRootViewController.m */ = {isa = PBXFileReference; lastKnownFileType = sourcecode.c.objc; path = CQRootViewController.m; sourceTree = "<group>"; };
		3B71A09D24C5174D00F695D2 /* Base */ = {isa = PBXFileReference; lastKnownFileType = file.storyboard; name = Base; path = Base.lproj/Main.storyboard; sourceTree = "<group>"; };
		3B71A09F24C5174E00F695D2 /* Assets.xcassets */ = {isa = PBXFileReference; lastKnownFileType = folder.assetcatalog; path = Assets.xcassets; sourceTree = "<group>"; };
		3B71A0A224C5174E00F695D2 /* Base */ = {isa = PBXFileReference; lastKnownFileType = file.storyboard; name = Base; path = Base.lproj/LaunchScreen.storyboard; sourceTree = "<group>"; };
		3B71A0A424C5174E00F695D2 /* Info.plist */ = {isa = PBXFileReference; lastKnownFileType = text.plist.xml; path = Info.plist; sourceTree = "<group>"; };
		3B71A0A524C5174E00F695D2 /* main.m */ = {isa = PBXFileReference; lastKnownFileType = sourcecode.c.objc; path = main.m; sourceTree = "<group>"; };
		3B71A0AB24C5174E00F695D2 /* CQProjectTests.xctest */ = {isa = PBXFileReference; explicitFileType = wrapper.cfbundle; includeInIndex = 0; path = CQProjectTests.xctest; sourceTree = BUILT_PRODUCTS_DIR; };
		3B71A0AF24C5174E00F695D2 /* CQProjectTests.m */ = {isa = PBXFileReference; lastKnownFileType = sourcecode.c.objc; path = CQProjectTests.m; sourceTree = "<group>"; };
		3B71A0B124C5174E00F695D2 /* Info.plist */ = {isa = PBXFileReference; lastKnownFileType = text.plist.xml; path = Info.plist; sourceTree = "<group>"; };
		3B71A0B624C5174E00F695D2 /* CQProjectUITests.xctest */ = {isa = PBXFileReference; explicitFileType = wrapper.cfbundle; includeInIndex = 0; path = CQProjectUITests.xctest; sourceTree = BUILT_PRODUCTS_DIR; };
		3B71A0BA24C5174E00F695D2 /* CQProjectUITests.m */ = {isa = PBXFileReference; lastKnownFileType = sourcecode.c.objc; path = CQProjectUITests.m; sourceTree = "<group>"; };
		3B71A0BC24C5174E00F695D2 /* Info.plist */ = {isa = PBXFileReference; lastKnownFileType = text.plist.xml; path = Info.plist; sourceTree = "<group>"; };
		3B71A0C824C51A8A00F695D2 /* CQRootNavigationViewController.h */ = {isa = PBXFileReference; lastKnownFileType = sourcecode.c.h; path = CQRootNavigationViewController.h; sourceTree = "<group>"; };
		3B71A0C924C51A8A00F695D2 /* CQRootNavigationViewController.m */ = {isa = PBXFileReference; lastKnownFileType = sourcecode.c.objc; path = CQRootNavigationViewController.m; sourceTree = "<group>"; };
		3B8F7A3A24DCF94D00378E99 /* CQiOSDevelopmentViewController.h */ = {isa = PBXFileReference; lastKnownFileType = sourcecode.c.h; path = CQiOSDevelopmentViewController.h; sourceTree = "<group>"; };
		3B8F7A3B24DCF94D00378E99 /* CQiOSDevelopmentViewController.m */ = {isa = PBXFileReference; lastKnownFileType = sourcecode.c.objc; path = CQiOSDevelopmentViewController.m; sourceTree = "<group>"; };
		3B8F7A3F24DDA59800378E99 /* CQBDDTestViewController.h */ = {isa = PBXFileReference; lastKnownFileType = sourcecode.c.h; path = CQBDDTestViewController.h; sourceTree = "<group>"; };
		3B8F7A4024DDA59800378E99 /* CQBDDTestViewController.m */ = {isa = PBXFileReference; lastKnownFileType = sourcecode.c.objc; path = CQBDDTestViewController.m; sourceTree = "<group>"; };
		3B9C2EA224C6E85700CF811A /* UIButton+Expand.h */ = {isa = PBXFileReference; lastKnownFileType = sourcecode.c.h; path = "UIButton+Expand.h"; sourceTree = "<group>"; };
		3B9C2EA324C6E85700CF811A /* UIButton+Expand.m */ = {isa = PBXFileReference; lastKnownFileType = sourcecode.c.objc; path = "UIButton+Expand.m"; sourceTree = "<group>"; };
		3B9C2EA624C7077500CF811A /* CQComponentViewController.h */ = {isa = PBXFileReference; lastKnownFileType = sourcecode.c.h; path = CQComponentViewController.h; sourceTree = "<group>"; };
		3B9C2EA724C7077500CF811A /* CQComponentViewController.m */ = {isa = PBXFileReference; lastKnownFileType = sourcecode.c.objc; path = CQComponentViewController.m; sourceTree = "<group>"; };
		3BB736F724DE621000D890E2 /* CQBDDTestViewControllerSpec.m */ = {isa = PBXFileReference; lastKnownFileType = sourcecode.c.objc; path = CQBDDTestViewControllerSpec.m; sourceTree = "<group>"; };
		3BBD030324E13FC8003D9BCE /* CQWeakObject.h */ = {isa = PBXFileReference; lastKnownFileType = sourcecode.c.h; path = CQWeakObject.h; sourceTree = "<group>"; };
		3BBD030424E13FC8003D9BCE /* CQWeakObject.m */ = {isa = PBXFileReference; lastKnownFileType = sourcecode.c.objc; path = CQWeakObject.m; sourceTree = "<group>"; };
		3BBD031624E17F88003D9BCE /* CQCallStack.h */ = {isa = PBXFileReference; lastKnownFileType = sourcecode.c.h; path = CQCallStack.h; sourceTree = "<group>"; };
		3BBD031724E17F88003D9BCE /* CQCallStack.m */ = {isa = PBXFileReference; lastKnownFileType = sourcecode.c.objc; path = CQCallStack.m; sourceTree = "<group>"; };
		3BBD031924E23910003D9BCE /* CQOCSubLViewController.h */ = {isa = PBXFileReference; lastKnownFileType = sourcecode.c.h; path = CQOCSubLViewController.h; sourceTree = "<group>"; };
		3BBD031A24E23910003D9BCE /* CQOCSubLViewController.m */ = {isa = PBXFileReference; lastKnownFileType = sourcecode.c.objc; path = CQOCSubLViewController.m; sourceTree = "<group>"; };
		3BBD032124E39835003D9BCE /* CQ16InstruMentsViewController.h */ = {isa = PBXFileReference; lastKnownFileType = sourcecode.c.h; path = CQ16InstruMentsViewController.h; sourceTree = "<group>"; };
		3BBD032224E39835003D9BCE /* CQ16InstruMentsViewController.m */ = {isa = PBXFileReference; lastKnownFileType = sourcecode.c.objc; path = CQ16InstruMentsViewController.m; sourceTree = "<group>"; };
		3BE0026524CB534B00829706 /* CQUIViewController.h */ = {isa = PBXFileReference; lastKnownFileType = sourcecode.c.h; path = CQUIViewController.h; sourceTree = "<group>"; };
		3BE0026624CB534B00829706 /* CQUIViewController.m */ = {isa = PBXFileReference; lastKnownFileType = sourcecode.c.objc; path = CQUIViewController.m; sourceTree = "<group>"; };
		3BE0026924CBB2D700829706 /* CQOCLViewController.h */ = {isa = PBXFileReference; lastKnownFileType = sourcecode.c.h; path = CQOCLViewController.h; sourceTree = "<group>"; };
		3BE0026A24CBB2D700829706 /* CQOCLViewController.m */ = {isa = PBXFileReference; lastKnownFileType = sourcecode.c.objc; path = CQOCLViewController.m; sourceTree = "<group>"; };
		3BE0026C24CBB33F00829706 /* CQStudent.h */ = {isa = PBXFileReference; lastKnownFileType = sourcecode.c.h; path = CQStudent.h; sourceTree = "<group>"; };
		3BE0026D24CBB33F00829706 /* CQStudent.m */ = {isa = PBXFileReference; lastKnownFileType = sourcecode.c.objc; path = CQStudent.m; sourceTree = "<group>"; };
		3BE0026F24CBB56000829706 /* CQPerson.h */ = {isa = PBXFileReference; lastKnownFileType = sourcecode.c.h; path = CQPerson.h; sourceTree = "<group>"; };
		3BE0027024CBB56000829706 /* CQPerson.m */ = {isa = PBXFileReference; lastKnownFileType = sourcecode.c.objc; path = CQPerson.m; sourceTree = "<group>"; };
		3BEC4F3A24C5216C0085935F /* CQKVOViewController.h */ = {isa = PBXFileReference; lastKnownFileType = sourcecode.c.h; path = CQKVOViewController.h; sourceTree = "<group>"; };
		3BEC4F3B24C5216C0085935F /* CQKVOViewController.m */ = {isa = PBXFileReference; lastKnownFileType = sourcecode.c.objc; path = CQKVOViewController.m; sourceTree = "<group>"; };
		3BEC4F4024C5222B0085935F /* NSObject+CQKVO.h */ = {isa = PBXFileReference; lastKnownFileType = sourcecode.c.h; path = "NSObject+CQKVO.h"; sourceTree = "<group>"; };
		3BEC4F4124C5222B0085935F /* NSObject+CQKVO.m */ = {isa = PBXFileReference; lastKnownFileType = sourcecode.c.objc; path = "NSObject+CQKVO.m"; sourceTree = "<group>"; };
		3BEC4F4424C569A20085935F /* Person.h */ = {isa = PBXFileReference; lastKnownFileType = sourcecode.c.h; path = Person.h; sourceTree = "<group>"; };
		3BEC4F4524C569A20085935F /* Person.m */ = {isa = PBXFileReference; lastKnownFileType = sourcecode.c.objc; path = Person.m; sourceTree = "<group>"; };
		3BEC4F4724C575CF0085935F /* CQTwoKVOViewController.h */ = {isa = PBXFileReference; lastKnownFileType = sourcecode.c.h; path = CQTwoKVOViewController.h; sourceTree = "<group>"; };
		3BEC4F4824C575CF0085935F /* CQTwoKVOViewController.m */ = {isa = PBXFileReference; lastKnownFileType = sourcecode.c.objc; path = CQTwoKVOViewController.m; sourceTree = "<group>"; };
		3BEC4F4A24C576A90085935F /* projectPrefixHeader.pch */ = {isa = PBXFileReference; lastKnownFileType = sourcecode.c.h; path = projectPrefixHeader.pch; sourceTree = "<group>"; };
		3BEC4F4B24C57A7B0085935F /* CQBaseViewController.h */ = {isa = PBXFileReference; lastKnownFileType = sourcecode.c.h; path = CQBaseViewController.h; sourceTree = "<group>"; };
		3BEC4F4C24C57A7B0085935F /* CQBaseViewController.m */ = {isa = PBXFileReference; lastKnownFileType = sourcecode.c.objc; path = CQBaseViewController.m; sourceTree = "<group>"; };
		3BEC4F5724C5CA430085935F /* CQGestureRecognizerViewController.h */ = {isa = PBXFileReference; lastKnownFileType = sourcecode.c.h; path = CQGestureRecognizerViewController.h; sourceTree = "<group>"; };
		3BEC4F5824C5CA430085935F /* CQGestureRecognizerViewController.m */ = {isa = PBXFileReference; lastKnownFileType = sourcecode.c.objc; path = CQGestureRecognizerViewController.m; sourceTree = "<group>"; };
		3BF42D1524CD1CBB00AA6977 /* CQOtherViewController.h */ = {isa = PBXFileReference; lastKnownFileType = sourcecode.c.h; path = CQOtherViewController.h; sourceTree = "<group>"; };
		3BF42D1624CD1CBB00AA6977 /* CQOtherViewController.m */ = {isa = PBXFileReference; lastKnownFileType = sourcecode.c.objc; path = CQOtherViewController.m; sourceTree = "<group>"; };
		3BF42D1824CD1CD300AA6977 /* Target_kvoTwo.h */ = {isa = PBXFileReference; lastKnownFileType = sourcecode.c.h; path = Target_kvoTwo.h; sourceTree = "<group>"; };
		3BF42D1924CD1CD300AA6977 /* Target_kvoTwo.m */ = {isa = PBXFileReference; lastKnownFileType = sourcecode.c.objc; path = Target_kvoTwo.m; sourceTree = "<group>"; };
		3BF42D1B24CD557600AA6977 /* CQURLSessionManager.h */ = {isa = PBXFileReference; lastKnownFileType = sourcecode.c.h; path = CQURLSessionManager.h; sourceTree = "<group>"; };
		3BF42D1C24CD557600AA6977 /* CQURLSessionManager.m */ = {isa = PBXFileReference; lastKnownFileType = sourcecode.c.objc; path = CQURLSessionManager.m; sourceTree = "<group>"; };
		3BF42D1F24CD857600AA6977 /* CQWebViewController.h */ = {isa = PBXFileReference; lastKnownFileType = sourcecode.c.h; path = CQWebViewController.h; sourceTree = "<group>"; };
		3BF42D2024CD857600AA6977 /* CQWebViewController.m */ = {isa = PBXFileReference; lastKnownFileType = sourcecode.c.objc; path = CQWebViewController.m; sourceTree = "<group>"; };
		3BF42D2C24D28EC200AA6977 /* CQRunLoopViewController.h */ = {isa = PBXFileReference; lastKnownFileType = sourcecode.c.h; path = CQRunLoopViewController.h; sourceTree = "<group>"; };
		3BF42D2D24D28EC200AA6977 /* CQRunLoopViewController.m */ = {isa = PBXFileReference; lastKnownFileType = sourcecode.c.objc; path = CQRunLoopViewController.m; sourceTree = "<group>"; };
		3BF42D3424D5213500AA6977 /* index.html */ = {isa = PBXFileReference; fileEncoding = 4; lastKnownFileType = text.html; name = index.html; path = "../../../../../../掌通家园代码/index.html"; sourceTree = "<group>"; };
		3BF42D3D24D65E9600AA6977 /* YYFPSLabel.m */ = {isa = PBXFileReference; fileEncoding = 4; lastKnownFileType = sourcecode.c.objc; path = YYFPSLabel.m; sourceTree = "<group>"; };
		3BF42D3F24D65E9E00AA6977 /* YYFPSLabel.h */ = {isa = PBXFileReference; fileEncoding = 4; lastKnownFileType = sourcecode.c.h; path = YYFPSLabel.h; sourceTree = "<group>"; };
		44DE81A2BD888586EF454870 /* Pods_CQProject.framework */ = {isa = PBXFileReference; explicitFileType = wrapper.framework; includeInIndex = 0; path = Pods_CQProject.framework; sourceTree = BUILT_PRODUCTS_DIR; };
		4BD9EAD8F0B76B275B8BBE09 /* Pods-CQProject.release.xcconfig */ = {isa = PBXFileReference; includeInIndex = 1; lastKnownFileType = text.xcconfig; name = "Pods-CQProject.release.xcconfig"; path = "Target Support Files/Pods-CQProject/Pods-CQProject.release.xcconfig"; sourceTree = "<group>"; };
		5F1DFEFFF0570DCAC8513D74 /* Pods-CQProject.debug.xcconfig */ = {isa = PBXFileReference; includeInIndex = 1; lastKnownFileType = text.xcconfig; name = "Pods-CQProject.debug.xcconfig"; path = "Target Support Files/Pods-CQProject/Pods-CQProject.debug.xcconfig"; sourceTree = "<group>"; };
		AA6E51D4DAFCE3711D665006 /* Pods_CQProjectTests.framework */ = {isa = PBXFileReference; explicitFileType = wrapper.framework; includeInIndex = 0; path = Pods_CQProjectTests.framework; sourceTree = BUILT_PRODUCTS_DIR; };
		C35BBBD340662686362F03D2 /* Pods-CQProjectUITests.release.xcconfig */ = {isa = PBXFileReference; includeInIndex = 1; lastKnownFileType = text.xcconfig; name = "Pods-CQProjectUITests.release.xcconfig"; path = "Target Support Files/Pods-CQProjectUITests/Pods-CQProjectUITests.release.xcconfig"; sourceTree = "<group>"; };
		E0E33A8CCC2DC284D51FC8B5 /* Pods-CQProjectUITests.debug.xcconfig */ = {isa = PBXFileReference; includeInIndex = 1; lastKnownFileType = text.xcconfig; name = "Pods-CQProjectUITests.debug.xcconfig"; path = "Target Support Files/Pods-CQProjectUITests/Pods-CQProjectUITests.debug.xcconfig"; sourceTree = "<group>"; };
		E6C4516B67A34366BEBE8EC8 /* Pods-CQProjectTests.debug.xcconfig */ = {isa = PBXFileReference; includeInIndex = 1; lastKnownFileType = text.xcconfig; name = "Pods-CQProjectTests.debug.xcconfig"; path = "Target Support Files/Pods-CQProjectTests/Pods-CQProjectTests.debug.xcconfig"; sourceTree = "<group>"; };
/* End PBXFileReference section */

/* Begin PBXFrameworksBuildPhase section */
		3B71A08D24C5174D00F695D2 /* Frameworks */ = {
			isa = PBXFrameworksBuildPhase;
			buildActionMask = 2147483647;
			files = (
				7A50556EA950B7AD99544FAF /* Pods_CQProject.framework in Frameworks */,
			);
			runOnlyForDeploymentPostprocessing = 0;
		};
		3B71A0A824C5174E00F695D2 /* Frameworks */ = {
			isa = PBXFrameworksBuildPhase;
			buildActionMask = 2147483647;
			files = (
				281A32DBFCF3DB9F9E4E6A7E /* Pods_CQProjectTests.framework in Frameworks */,
			);
			runOnlyForDeploymentPostprocessing = 0;
		};
		3B71A0B324C5174E00F695D2 /* Frameworks */ = {
			isa = PBXFrameworksBuildPhase;
			buildActionMask = 2147483647;
			files = (
				DBB70DA760ABD3BDA43C1DDE /* Pods_CQProjectUITests.framework in Frameworks */,
			);
			runOnlyForDeploymentPostprocessing = 0;
		};
/* End PBXFrameworksBuildPhase section */

/* Begin PBXGroup section */
		3B021CD524D6816B00D44AF9 /* MJDownload */ = {
			isa = PBXGroup;
			children = (
				3B021CD824D6816B00D44AF9 /* MJDownloadConst.m */,
				3B021CD624D6816B00D44AF9 /* NSString+MJDownload.h */,
				3B021CDB24D6816B00D44AF9 /* NSString+MJDownload.m */,
				3B021CD924D6816B00D44AF9 /* MJDownloadManager.h */,
				3B021CD724D6816B00D44AF9 /* MJDownloadManager.m */,
				3B021CDA24D6816B00D44AF9 /* MJDownload.h */,
				3B021CDC24D6816B00D44AF9 /* MJDownloadConst.h */,
			);
			path = MJDownload;
			sourceTree = "<group>";
		};
		3B021CE024D6CFCF00D44AF9 /* VideoPlayer */ = {
			isa = PBXGroup;
			children = (
				3B021CE724D6D08F00D44AF9 /* AVPlayer */,
				3B021CE124D6CFF000D44AF9 /* CQVideoPlayerViewController.h */,
				3B021CE224D6CFF000D44AF9 /* CQVideoPlayerViewController.m */,
			);
			path = VideoPlayer;
			sourceTree = "<group>";
		};
		3B021CE724D6D08F00D44AF9 /* AVPlayer */ = {
			isa = PBXGroup;
			children = (
				3B021CE424D6D08A00D44AF9 /* CQVideoPlayerAVPlayerViewController.h */,
				3B021CE524D6D08A00D44AF9 /* CQVideoPlayerAVPlayerViewController.m */,
			);
			path = AVPlayer;
			sourceTree = "<group>";
		};
		3B021CE824D7B5C200D44AF9 /* CQDownload */ = {
			isa = PBXGroup;
			children = (
				3B021CE924D7B5EF00D44AF9 /* NSString+CQDownload.h */,
				3B021CEA24D7B5EF00D44AF9 /* NSString+CQDownload.m */,
				3B021CEC24D7B98E00D44AF9 /* CQTwoDownloadManager.h */,
				3B021CED24D7B98E00D44AF9 /* CQTwoDownloadManager.m */,
			);
			path = CQDownload;
			sourceTree = "<group>";
		};
		3B51DB0324C82D5300BBE0B4 /* GCD */ = {
			isa = PBXGroup;
			children = (
				3B51DB0424C82DC800BBE0B4 /* CQGCDViewController.h */,
				3B51DB0524C82DC800BBE0B4 /* CQGCDViewController.m */,
				3B51DB0724C8330800BBE0B4 /* CQOperation.h */,
				3B51DB0824C8330800BBE0B4 /* CQOperation.m */,
			);
			path = GCD;
			sourceTree = "<group>";
		};
		3B6736F924C7DD0C007F0D4C /* View */ = {
			isa = PBXGroup;
			children = (
				3B6736FA24C7DD31007F0D4C /* CQGuestTestView.h */,
				3B6736FB24C7DD31007F0D4C /* CQGuestTestView.m */,
			);
			path = View;
			sourceTree = "<group>";
		};
		3B71A08724C5174D00F695D2 = {
			isa = PBXGroup;
			children = (
				3B71A09224C5174D00F695D2 /* CQProject */,
				3B71A0AE24C5174E00F695D2 /* CQProjectTests */,
				3B71A0B924C5174E00F695D2 /* CQProjectUITests */,
				3B71A09124C5174D00F695D2 /* Products */,
				73DFD70FD745B45DDE8750AD /* Pods */,
				A56520C20BF1CD70EAD915AA /* Frameworks */,
			);
			sourceTree = "<group>";
		};
		3B71A09124C5174D00F695D2 /* Products */ = {
			isa = PBXGroup;
			children = (
				3B71A09024C5174D00F695D2 /* CQProject.app */,
				3B71A0AB24C5174E00F695D2 /* CQProjectTests.xctest */,
				3B71A0B624C5174E00F695D2 /* CQProjectUITests.xctest */,
			);
			name = Products;
			sourceTree = "<group>";
		};
		3B71A09224C5174D00F695D2 /* CQProject */ = {
			isa = PBXGroup;
			children = (
				3B8F7A3924DCF8FF00378E99 /* iOS开发高手课 */,
				3B021CE024D6CFCF00D44AF9 /* VideoPlayer */,
				3BF42D2224CE73C300AA6977 /* download */,
				3BF42D1E24CD856100AA6977 /* WebView */,
				3BF42D1424CD1C9E00AA6977 /* Other */,
				3BE0026824CBB17800829706 /* OC语法特性 */,
				3BE0026424CB533700829706 /* UI */,
				3B51DB0324C82D5300BBE0B4 /* GCD */,
				3B9C2EA524C706B600CF811A /* 组件化 */,
				3BEC4F5A24C68C170085935F /* 数据结构 */,
				3BEC4F5624C5C9CD0085935F /* 手势事件 */,
				3BEC4F4E24C596BB0085935F /* AFN框架解析 */,
				3BEC4F3F24C521F70085935F /* runtime */,
				3BEC4F3E24C521F00085935F /* RunLoop */,
				3BEC4F3D24C521D20085935F /* Category */,
				3BEC4F3924C521530085935F /* KVC */,
				3BEC4F3824C521490085935F /* KVO */,
				3B71A09324C5174D00F695D2 /* AppDelegate.h */,
				3B71A09424C5174D00F695D2 /* AppDelegate.m */,
				3B71A09924C5174D00F695D2 /* CQRootViewController.h */,
				3B71A09A24C5174D00F695D2 /* CQRootViewController.m */,
				3B71A0C824C51A8A00F695D2 /* CQRootNavigationViewController.h */,
				3B71A0C924C51A8A00F695D2 /* CQRootNavigationViewController.m */,
				3BEC4F4B24C57A7B0085935F /* CQBaseViewController.h */,
				3BEC4F4C24C57A7B0085935F /* CQBaseViewController.m */,
				3BEC4F4A24C576A90085935F /* projectPrefixHeader.pch */,
				3B71A09C24C5174D00F695D2 /* Main.storyboard */,
				3B71A09F24C5174E00F695D2 /* Assets.xcassets */,
				3B71A0A124C5174E00F695D2 /* LaunchScreen.storyboard */,
				3B71A0A424C5174E00F695D2 /* Info.plist */,
				3B71A0A524C5174E00F695D2 /* main.m */,
			);
			path = CQProject;
			sourceTree = "<group>";
		};
		3B71A0AE24C5174E00F695D2 /* CQProjectTests */ = {
			isa = PBXGroup;
			children = (
				3B8F7A3E24DD8FFC00378E99 /* TestGroup */,
				3B71A0AF24C5174E00F695D2 /* CQProjectTests.m */,
				3B71A0B124C5174E00F695D2 /* Info.plist */,
			);
			path = CQProjectTests;
			sourceTree = "<group>";
		};
		3B71A0B924C5174E00F695D2 /* CQProjectUITests */ = {
			isa = PBXGroup;
			children = (
				3B71A0BA24C5174E00F695D2 /* CQProjectUITests.m */,
				3B71A0BC24C5174E00F695D2 /* Info.plist */,
			);
			path = CQProjectUITests;
			sourceTree = "<group>";
		};
		3B8F7A3924DCF8FF00378E99 /* iOS开发高手课 */ = {
			isa = PBXGroup;
			children = (
				3BBD031F24E397E3003D9BCE /* 16 | 性能监控：衡量 App 质量的那把尺 */,
				3B8F7A3D24DD780400378E99 /* 29在 iOS 中进行面向测试驱动开发和面向行为驱动开发 */,
				3B8F7A3A24DCF94D00378E99 /* CQiOSDevelopmentViewController.h */,
				3B8F7A3B24DCF94D00378E99 /* CQiOSDevelopmentViewController.m */,
			);
			path = "iOS开发高手课";
			sourceTree = "<group>";
		};
		3B8F7A3D24DD780400378E99 /* 29在 iOS 中进行面向测试驱动开发和面向行为驱动开发 */ = {
			isa = PBXGroup;
			children = (
				3B8F7A3F24DDA59800378E99 /* CQBDDTestViewController.h */,
				3B8F7A4024DDA59800378E99 /* CQBDDTestViewController.m */,
			);
			path = "29在 iOS 中进行面向测试驱动开发和面向行为驱动开发";
			sourceTree = "<group>";
		};
		3B8F7A3E24DD8FFC00378E99 /* TestGroup */ = {
			isa = PBXGroup;
			children = (
				3BB736F724DE621000D890E2 /* CQBDDTestViewControllerSpec.m */,
			);
			path = TestGroup;
			sourceTree = "<group>";
		};
		3B9C2EA124C6E76100CF811A /* 添加Button的响应区域 */ = {
			isa = PBXGroup;
			children = (
				3B9C2EA224C6E85700CF811A /* UIButton+Expand.h */,
				3B9C2EA324C6E85700CF811A /* UIButton+Expand.m */,
			);
			path = "添加Button的响应区域";
			sourceTree = "<group>";
		};
		3B9C2EA524C706B600CF811A /* 组件化 */ = {
			isa = PBXGroup;
			children = (
				3B9C2EA624C7077500CF811A /* CQComponentViewController.h */,
				3B9C2EA724C7077500CF811A /* CQComponentViewController.m */,
			);
			path = "组件化";
			sourceTree = "<group>";
		};
		3BBD031524E17F25003D9BCE /* CQCallStack */ = {
			isa = PBXGroup;
			children = (
				3BBD031624E17F88003D9BCE /* CQCallStack.h */,
				3BBD031724E17F88003D9BCE /* CQCallStack.m */,
			);
			path = CQCallStack;
			sourceTree = "<group>";
		};
		3BBD031F24E397E3003D9BCE /* 16 | 性能监控：衡量 App 质量的那把尺 */ = {
			isa = PBXGroup;
			children = (
				3BBD032124E39835003D9BCE /* CQ16InstruMentsViewController.h */,
				3BBD032224E39835003D9BCE /* CQ16InstruMentsViewController.m */,
			);
			path = "16 | 性能监控：衡量 App 质量的那把尺";
			sourceTree = "<group>";
		};
		3BE0026424CB533700829706 /* UI */ = {
			isa = PBXGroup;
			children = (
				3BE0026524CB534B00829706 /* CQUIViewController.h */,
				3BE0026624CB534B00829706 /* CQUIViewController.m */,
				3B1F2B4024DBF76000EED37A /* CQTestUIButton.h */,
				3B1F2B4124DBF76000EED37A /* CQTestUIButton.m */,
				3B1F2B3D24DBF57100EED37A /* CQTestUIView.h */,
				3B1F2B3E24DBF57100EED37A /* CQTestUIView.m */,
			);
			path = UI;
			sourceTree = "<group>";
		};
		3BE0026824CBB17800829706 /* OC语法特性 */ = {
			isa = PBXGroup;
			children = (
				3BE0026924CBB2D700829706 /* CQOCLViewController.h */,
				3BE0026A24CBB2D700829706 /* CQOCLViewController.m */,
				3BBD031924E23910003D9BCE /* CQOCSubLViewController.h */,
				3BBD031A24E23910003D9BCE /* CQOCSubLViewController.m */,
				3BE0026C24CBB33F00829706 /* CQStudent.h */,
				3BE0026D24CBB33F00829706 /* CQStudent.m */,
				3BE0026F24CBB56000829706 /* CQPerson.h */,
				3BE0027024CBB56000829706 /* CQPerson.m */,
				3BBD030324E13FC8003D9BCE /* CQWeakObject.h */,
				3BBD030424E13FC8003D9BCE /* CQWeakObject.m */,
			);
			path = "OC语法特性";
			sourceTree = "<group>";
		};
		3BEC4F3824C521490085935F /* KVO */ = {
			isa = PBXGroup;
			children = (
				3BEC4F4324C5698A0085935F /* Object */,
				3BEC4F3A24C5216C0085935F /* CQKVOViewController.h */,
				3BEC4F3B24C5216C0085935F /* CQKVOViewController.m */,
				3BEC4F4724C575CF0085935F /* CQTwoKVOViewController.h */,
				3BEC4F4824C575CF0085935F /* CQTwoKVOViewController.m */,
				3BF42D1824CD1CD300AA6977 /* Target_kvoTwo.h */,
				3BF42D1924CD1CD300AA6977 /* Target_kvoTwo.m */,
			);
			path = KVO;
			sourceTree = "<group>";
		};
		3BEC4F3924C521530085935F /* KVC */ = {
			isa = PBXGroup;
			children = (
			);
			path = KVC;
			sourceTree = "<group>";
		};
		3BEC4F3D24C521D20085935F /* Category */ = {
			isa = PBXGroup;
			children = (
				3BEC4F4024C5222B0085935F /* NSObject+CQKVO.h */,
				3BEC4F4124C5222B0085935F /* NSObject+CQKVO.m */,
			);
			path = Category;
			sourceTree = "<group>";
		};
		3BEC4F3E24C521F00085935F /* RunLoop */ = {
			isa = PBXGroup;
			children = (
				3BBD031524E17F25003D9BCE /* CQCallStack */,
				3BF42D3F24D65E9E00AA6977 /* YYFPSLabel.h */,
				3BF42D3D24D65E9600AA6977 /* YYFPSLabel.m */,
				3BF42D2C24D28EC200AA6977 /* CQRunLoopViewController.h */,
				3BF42D2D24D28EC200AA6977 /* CQRunLoopViewController.m */,
			);
			path = RunLoop;
			sourceTree = "<group>";
		};
		3BEC4F3F24C521F70085935F /* runtime */ = {
			isa = PBXGroup;
			children = (
				3B1F2B3124D9661400EED37A /* CQRuntimeViewController.h */,
				3B1F2B3224D9661400EED37A /* CQRuntimeViewController.m */,
				3B1F2B3A24DA4F1D00EED37A /* CQRuntimeSubViewController.h */,
				3B1F2B3B24DA4F1D00EED37A /* CQRuntimeSubViewController.m */,
				3B1F2B3424D966DC00EED37A /* CQRuntimeViewController+A.h */,
				3B1F2B3524D966DC00EED37A /* CQRuntimeViewController+A.m */,
				3B1F2B3724D966EB00EED37A /* CQRuntimeViewController+B.h */,
				3B1F2B3824D966EB00EED37A /* CQRuntimeViewController+B.m */,
			);
			path = runtime;
			sourceTree = "<group>";
		};
		3BEC4F4324C5698A0085935F /* Object */ = {
			isa = PBXGroup;
			children = (
				3BEC4F4424C569A20085935F /* Person.h */,
				3BEC4F4524C569A20085935F /* Person.m */,
			);
			path = Object;
			sourceTree = "<group>";
		};
		3BEC4F4E24C596BB0085935F /* AFN框架解析 */ = {
			isa = PBXGroup;
			children = (
				3B51DAFE24C7ED2100BBE0B4 /* CQImageDownloader.h */,
				3B51DAFF24C7ED2100BBE0B4 /* CQImageDownloader.m */,
				3BF42D1B24CD557600AA6977 /* CQURLSessionManager.h */,
				3BF42D1C24CD557600AA6977 /* CQURLSessionManager.m */,
			);
			path = "AFN框架解析";
			sourceTree = "<group>";
		};
		3BEC4F5624C5C9CD0085935F /* 手势事件 */ = {
			isa = PBXGroup;
			children = (
				3B6736F924C7DD0C007F0D4C /* View */,
				3B9C2EA124C6E76100CF811A /* 添加Button的响应区域 */,
				3BEC4F5724C5CA430085935F /* CQGestureRecognizerViewController.h */,
				3BEC4F5824C5CA430085935F /* CQGestureRecognizerViewController.m */,
			);
			path = "手势事件";
			sourceTree = "<group>";
		};
		3BEC4F5A24C68C170085935F /* 数据结构 */ = {
			isa = PBXGroup;
			children = (
			);
			path = "数据结构";
			sourceTree = "<group>";
		};
		3BF42D1424CD1C9E00AA6977 /* Other */ = {
			isa = PBXGroup;
			children = (
				3BF42D1524CD1CBB00AA6977 /* CQOtherViewController.h */,
				3BF42D1624CD1CBB00AA6977 /* CQOtherViewController.m */,
			);
			path = Other;
			sourceTree = "<group>";
		};
		3BF42D1E24CD856100AA6977 /* WebView */ = {
			isa = PBXGroup;
			children = (
				3BF42D1F24CD857600AA6977 /* CQWebViewController.h */,
				3BF42D2024CD857600AA6977 /* CQWebViewController.m */,
				3BF42D3424D5213500AA6977 /* index.html */,
			);
			path = WebView;
			sourceTree = "<group>";
		};
		3BF42D2224CE73C300AA6977 /* download */ = {
			isa = PBXGroup;
			children = (
				3B021CE824D7B5C200D44AF9 /* CQDownload */,
				3B021CD524D6816B00D44AF9 /* MJDownload */,
				3B021CD224D6721E00D44AF9 /* CQDownloadTestViewController.h */,
				3B021CD324D6721E00D44AF9 /* CQDownloadTestViewController.m */,
			);
			path = download;
			sourceTree = "<group>";
		};
		73DFD70FD745B45DDE8750AD /* Pods */ = {
			isa = PBXGroup;
			children = (
				5F1DFEFFF0570DCAC8513D74 /* Pods-CQProject.debug.xcconfig */,
				4BD9EAD8F0B76B275B8BBE09 /* Pods-CQProject.release.xcconfig */,
				E6C4516B67A34366BEBE8EC8 /* Pods-CQProjectTests.debug.xcconfig */,
				08963E625E968B6E00D4203A /* Pods-CQProjectTests.release.xcconfig */,
				E0E33A8CCC2DC284D51FC8B5 /* Pods-CQProjectUITests.debug.xcconfig */,
				C35BBBD340662686362F03D2 /* Pods-CQProjectUITests.release.xcconfig */,
			);
			path = Pods;
			sourceTree = "<group>";
		};
		A56520C20BF1CD70EAD915AA /* Frameworks */ = {
			isa = PBXGroup;
			children = (
				44DE81A2BD888586EF454870 /* Pods_CQProject.framework */,
				AA6E51D4DAFCE3711D665006 /* Pods_CQProjectTests.framework */,
				19A6C31F07F450336ACED9D2 /* Pods_CQProjectUITests.framework */,
			);
			name = Frameworks;
			sourceTree = "<group>";
		};
/* End PBXGroup section */

/* Begin PBXNativeTarget section */
		3B71A08F24C5174D00F695D2 /* CQProject */ = {
			isa = PBXNativeTarget;
			buildConfigurationList = 3B71A0BF24C5174E00F695D2 /* Build configuration list for PBXNativeTarget "CQProject" */;
			buildPhases = (
				7C94D53DACA13DA5B799C648 /* [CP] Check Pods Manifest.lock */,
				3B71A08C24C5174D00F695D2 /* Sources */,
				3B71A08D24C5174D00F695D2 /* Frameworks */,
				3B71A08E24C5174D00F695D2 /* Resources */,
				DA26D84471D80F81872B2250 /* [CP] Embed Pods Frameworks */,
			);
			buildRules = (
			);
			dependencies = (
			);
			name = CQProject;
			productName = CQProject;
			productReference = 3B71A09024C5174D00F695D2 /* CQProject.app */;
			productType = "com.apple.product-type.application";
		};
		3B71A0AA24C5174E00F695D2 /* CQProjectTests */ = {
			isa = PBXNativeTarget;
			buildConfigurationList = 3B71A0C224C5174E00F695D2 /* Build configuration list for PBXNativeTarget "CQProjectTests" */;
			buildPhases = (
				797D50047F636F513E001C03 /* [CP] Check Pods Manifest.lock */,
				3B71A0A724C5174E00F695D2 /* Sources */,
				3B71A0A824C5174E00F695D2 /* Frameworks */,
				3B71A0A924C5174E00F695D2 /* Resources */,
				4764E993A4561C119859E6B4 /* [CP] Embed Pods Frameworks */,
			);
			buildRules = (
			);
			dependencies = (
				3B71A0AD24C5174E00F695D2 /* PBXTargetDependency */,
			);
			name = CQProjectTests;
			productName = CQProjectTests;
			productReference = 3B71A0AB24C5174E00F695D2 /* CQProjectTests.xctest */;
			productType = "com.apple.product-type.bundle.unit-test";
		};
		3B71A0B524C5174E00F695D2 /* CQProjectUITests */ = {
			isa = PBXNativeTarget;
			buildConfigurationList = 3B71A0C524C5174E00F695D2 /* Build configuration list for PBXNativeTarget "CQProjectUITests" */;
			buildPhases = (
				FED24971067C4591B04043EE /* [CP] Check Pods Manifest.lock */,
				3B71A0B224C5174E00F695D2 /* Sources */,
				3B71A0B324C5174E00F695D2 /* Frameworks */,
				3B71A0B424C5174E00F695D2 /* Resources */,
			);
			buildRules = (
			);
			dependencies = (
				3B71A0B824C5174E00F695D2 /* PBXTargetDependency */,
			);
			name = CQProjectUITests;
			productName = CQProjectUITests;
			productReference = 3B71A0B624C5174E00F695D2 /* CQProjectUITests.xctest */;
			productType = "com.apple.product-type.bundle.ui-testing";
		};
/* End PBXNativeTarget section */

/* Begin PBXProject section */
		3B71A08824C5174D00F695D2 /* Project object */ = {
			isa = PBXProject;
			attributes = {
				LastUpgradeCheck = 1150;
				ORGANIZATIONNAME = CharType;
				TargetAttributes = {
					3B71A08F24C5174D00F695D2 = {
						CreatedOnToolsVersion = 11.5;
					};
					3B71A0AA24C5174E00F695D2 = {
						CreatedOnToolsVersion = 11.5;
						TestTargetID = 3B71A08F24C5174D00F695D2;
					};
					3B71A0B524C5174E00F695D2 = {
						CreatedOnToolsVersion = 11.5;
						TestTargetID = 3B71A08F24C5174D00F695D2;
					};
				};
			};
			buildConfigurationList = 3B71A08B24C5174D00F695D2 /* Build configuration list for PBXProject "CQProject" */;
			compatibilityVersion = "Xcode 9.3";
			developmentRegion = en;
			hasScannedForEncodings = 0;
			knownRegions = (
				en,
				Base,
			);
			mainGroup = 3B71A08724C5174D00F695D2;
			productRefGroup = 3B71A09124C5174D00F695D2 /* Products */;
			projectDirPath = "";
			projectRoot = "";
			targets = (
				3B71A08F24C5174D00F695D2 /* CQProject */,
				3B71A0AA24C5174E00F695D2 /* CQProjectTests */,
				3B71A0B524C5174E00F695D2 /* CQProjectUITests */,
			);
		};
/* End PBXProject section */

/* Begin PBXResourcesBuildPhase section */
		3B71A08E24C5174D00F695D2 /* Resources */ = {
			isa = PBXResourcesBuildPhase;
			buildActionMask = 2147483647;
			files = (
				3BF42D3524D5213500AA6977 /* index.html in Resources */,
				3B71A0A324C5174E00F695D2 /* LaunchScreen.storyboard in Resources */,
				3B71A0A024C5174E00F695D2 /* Assets.xcassets in Resources */,
				3B71A09E24C5174D00F695D2 /* Main.storyboard in Resources */,
			);
			runOnlyForDeploymentPostprocessing = 0;
		};
		3B71A0A924C5174E00F695D2 /* Resources */ = {
			isa = PBXResourcesBuildPhase;
			buildActionMask = 2147483647;
			files = (
			);
			runOnlyForDeploymentPostprocessing = 0;
		};
		3B71A0B424C5174E00F695D2 /* Resources */ = {
			isa = PBXResourcesBuildPhase;
			buildActionMask = 2147483647;
			files = (
			);
			runOnlyForDeploymentPostprocessing = 0;
		};
/* End PBXResourcesBuildPhase section */

/* Begin PBXShellScriptBuildPhase section */
		4764E993A4561C119859E6B4 /* [CP] Embed Pods Frameworks */ = {
			isa = PBXShellScriptBuildPhase;
			buildActionMask = 2147483647;
			files = (
			);
			inputFileListPaths = (
				"${PODS_ROOT}/Target Support Files/Pods-CQProjectTests/Pods-CQProjectTests-frameworks-${CONFIGURATION}-input-files.xcfilelist",
			);
			name = "[CP] Embed Pods Frameworks";
			outputFileListPaths = (
				"${PODS_ROOT}/Target Support Files/Pods-CQProjectTests/Pods-CQProjectTests-frameworks-${CONFIGURATION}-output-files.xcfilelist",
			);
			runOnlyForDeploymentPostprocessing = 0;
			shellPath = /bin/sh;
			shellScript = "\"${PODS_ROOT}/Target Support Files/Pods-CQProjectTests/Pods-CQProjectTests-frameworks.sh\"\n";
			showEnvVarsInLog = 0;
		};
		797D50047F636F513E001C03 /* [CP] Check Pods Manifest.lock */ = {
			isa = PBXShellScriptBuildPhase;
			buildActionMask = 2147483647;
			files = (
			);
			inputFileListPaths = (
			);
			inputPaths = (
				"${PODS_PODFILE_DIR_PATH}/Podfile.lock",
				"${PODS_ROOT}/Manifest.lock",
			);
			name = "[CP] Check Pods Manifest.lock";
			outputFileListPaths = (
			);
			outputPaths = (
				"$(DERIVED_FILE_DIR)/Pods-CQProjectTests-checkManifestLockResult.txt",
			);
			runOnlyForDeploymentPostprocessing = 0;
			shellPath = /bin/sh;
			shellScript = "diff \"${PODS_PODFILE_DIR_PATH}/Podfile.lock\" \"${PODS_ROOT}/Manifest.lock\" > /dev/null\nif [ $? != 0 ] ; then\n    # print error to STDERR\n    echo \"error: The sandbox is not in sync with the Podfile.lock. Run 'pod install' or update your CocoaPods installation.\" >&2\n    exit 1\nfi\n# This output is used by Xcode 'outputs' to avoid re-running this script phase.\necho \"SUCCESS\" > \"${SCRIPT_OUTPUT_FILE_0}\"\n";
			showEnvVarsInLog = 0;
		};
		7C94D53DACA13DA5B799C648 /* [CP] Check Pods Manifest.lock */ = {
			isa = PBXShellScriptBuildPhase;
			buildActionMask = 2147483647;
			files = (
			);
			inputFileListPaths = (
			);
			inputPaths = (
				"${PODS_PODFILE_DIR_PATH}/Podfile.lock",
				"${PODS_ROOT}/Manifest.lock",
			);
			name = "[CP] Check Pods Manifest.lock";
			outputFileListPaths = (
			);
			outputPaths = (
				"$(DERIVED_FILE_DIR)/Pods-CQProject-checkManifestLockResult.txt",
			);
			runOnlyForDeploymentPostprocessing = 0;
			shellPath = /bin/sh;
			shellScript = "diff \"${PODS_PODFILE_DIR_PATH}/Podfile.lock\" \"${PODS_ROOT}/Manifest.lock\" > /dev/null\nif [ $? != 0 ] ; then\n    # print error to STDERR\n    echo \"error: The sandbox is not in sync with the Podfile.lock. Run 'pod install' or update your CocoaPods installation.\" >&2\n    exit 1\nfi\n# This output is used by Xcode 'outputs' to avoid re-running this script phase.\necho \"SUCCESS\" > \"${SCRIPT_OUTPUT_FILE_0}\"\n";
			showEnvVarsInLog = 0;
		};
		DA26D84471D80F81872B2250 /* [CP] Embed Pods Frameworks */ = {
			isa = PBXShellScriptBuildPhase;
			buildActionMask = 2147483647;
			files = (
			);
			inputFileListPaths = (
				"${PODS_ROOT}/Target Support Files/Pods-CQProject/Pods-CQProject-frameworks-${CONFIGURATION}-input-files.xcfilelist",
			);
			name = "[CP] Embed Pods Frameworks";
			outputFileListPaths = (
				"${PODS_ROOT}/Target Support Files/Pods-CQProject/Pods-CQProject-frameworks-${CONFIGURATION}-output-files.xcfilelist",
			);
			runOnlyForDeploymentPostprocessing = 0;
			shellPath = /bin/sh;
			shellScript = "\"${PODS_ROOT}/Target Support Files/Pods-CQProject/Pods-CQProject-frameworks.sh\"\n";
			showEnvVarsInLog = 0;
		};
		FED24971067C4591B04043EE /* [CP] Check Pods Manifest.lock */ = {
			isa = PBXShellScriptBuildPhase;
			buildActionMask = 2147483647;
			files = (
			);
			inputFileListPaths = (
			);
			inputPaths = (
				"${PODS_PODFILE_DIR_PATH}/Podfile.lock",
				"${PODS_ROOT}/Manifest.lock",
			);
			name = "[CP] Check Pods Manifest.lock";
			outputFileListPaths = (
			);
			outputPaths = (
				"$(DERIVED_FILE_DIR)/Pods-CQProjectUITests-checkManifestLockResult.txt",
			);
			runOnlyForDeploymentPostprocessing = 0;
			shellPath = /bin/sh;
			shellScript = "diff \"${PODS_PODFILE_DIR_PATH}/Podfile.lock\" \"${PODS_ROOT}/Manifest.lock\" > /dev/null\nif [ $? != 0 ] ; then\n    # print error to STDERR\n    echo \"error: The sandbox is not in sync with the Podfile.lock. Run 'pod install' or update your CocoaPods installation.\" >&2\n    exit 1\nfi\n# This output is used by Xcode 'outputs' to avoid re-running this script phase.\necho \"SUCCESS\" > \"${SCRIPT_OUTPUT_FILE_0}\"\n";
			showEnvVarsInLog = 0;
		};
/* End PBXShellScriptBuildPhase section */

/* Begin PBXSourcesBuildPhase section */
		3B71A08C24C5174D00F695D2 /* Sources */ = {
			isa = PBXSourcesBuildPhase;
			buildActionMask = 2147483647;
			files = (
				3BEC4F4924C575CF0085935F /* CQTwoKVOViewController.m in Sources */,
				3B021CD424D6721E00D44AF9 /* CQDownloadTestViewController.m in Sources */,
				3B71A0CA24C51A8A00F695D2 /* CQRootNavigationViewController.m in Sources */,
				3B021CEB24D7B5EF00D44AF9 /* NSString+CQDownload.m in Sources */,
				3B71A09B24C5174D00F695D2 /* CQRootViewController.m in Sources */,
				3B1F2B3324D9661400EED37A /* CQRuntimeViewController.m in Sources */,
				3B021CE324D6CFF000D44AF9 /* CQVideoPlayerViewController.m in Sources */,
				3BF42D1724CD1CBB00AA6977 /* CQOtherViewController.m in Sources */,
				3BEC4F4624C569A20085935F /* Person.m in Sources */,
				3B9C2EA824C7077500CF811A /* CQComponentViewController.m in Sources */,
				3BBD031824E17F88003D9BCE /* CQCallStack.m in Sources */,
				3BEC4F4224C5222B0085935F /* NSObject+CQKVO.m in Sources */,
				3B1F2B4224DBF76000EED37A /* CQTestUIButton.m in Sources */,
				3BE0027124CBB56000829706 /* CQPerson.m in Sources */,
				3B51DB0624C82DC800BBE0B4 /* CQGCDViewController.m in Sources */,
				3B8F7A4124DDA59800378E99 /* CQBDDTestViewController.m in Sources */,
				3BEC4F3C24C5216C0085935F /* CQKVOViewController.m in Sources */,
				3BE0026E24CBB33F00829706 /* CQStudent.m in Sources */,
				3B71A09524C5174D00F695D2 /* AppDelegate.m in Sources */,
				3B1F2B3624D966DC00EED37A /* CQRuntimeViewController+A.m in Sources */,
				3B1F2B3924D966EB00EED37A /* CQRuntimeViewController+B.m in Sources */,
				3B1F2B3F24DBF57100EED37A /* CQTestUIView.m in Sources */,
				3B021CDE24D6816B00D44AF9 /* MJDownloadConst.m in Sources */,
				3BF42D3E24D65E9600AA6977 /* YYFPSLabel.m in Sources */,
				3B021CDF24D6816B00D44AF9 /* NSString+MJDownload.m in Sources */,
				3B1F2B3C24DA4F1D00EED37A /* CQRuntimeSubViewController.m in Sources */,
				3BBD032324E39835003D9BCE /* CQ16InstruMentsViewController.m in Sources */,
				3B51DB0024C7ED2100BBE0B4 /* CQImageDownloader.m in Sources */,
				3B6736FC24C7DD31007F0D4C /* CQGuestTestView.m in Sources */,
				3B8F7A3C24DCF94D00378E99 /* CQiOSDevelopmentViewController.m in Sources */,
				3B9C2EA424C6E85700CF811A /* UIButton+Expand.m in Sources */,
				3BF42D2E24D28EC200AA6977 /* CQRunLoopViewController.m in Sources */,
				3BE0026B24CBB2D700829706 /* CQOCLViewController.m in Sources */,
				3BBD030524E13FC8003D9BCE /* CQWeakObject.m in Sources */,
				3BF42D2124CD857600AA6977 /* CQWebViewController.m in Sources */,
				3B71A0A624C5174E00F695D2 /* main.m in Sources */,
				3B021CDD24D6816B00D44AF9 /* MJDownloadManager.m in Sources */,
				3B51DB0924C8330800BBE0B4 /* CQOperation.m in Sources */,
				3BF42D1A24CD1CD300AA6977 /* Target_kvoTwo.m in Sources */,
				3BEC4F5924C5CA430085935F /* CQGestureRecognizerViewController.m in Sources */,
				3B021CEE24D7B98E00D44AF9 /* CQTwoDownloadManager.m in Sources */,
				3BE0026724CB534B00829706 /* CQUIViewController.m in Sources */,
				3BBD031B24E23910003D9BCE /* CQOCSubLViewController.m in Sources */,
				3BF42D1D24CD557600AA6977 /* CQURLSessionManager.m in Sources */,
				3BEC4F4D24C57A7B0085935F /* CQBaseViewController.m in Sources */,
				3B021CE624D6D08A00D44AF9 /* CQVideoPlayerAVPlayerViewController.m in Sources */,
			);
			runOnlyForDeploymentPostprocessing = 0;
		};
		3B71A0A724C5174E00F695D2 /* Sources */ = {
			isa = PBXSourcesBuildPhase;
			buildActionMask = 2147483647;
			files = (
				3BB736F824DE621000D890E2 /* CQBDDTestViewControllerSpec.m in Sources */,
				3B71A0B024C5174E00F695D2 /* CQProjectTests.m in Sources */,
			);
			runOnlyForDeploymentPostprocessing = 0;
		};
		3B71A0B224C5174E00F695D2 /* Sources */ = {
			isa = PBXSourcesBuildPhase;
			buildActionMask = 2147483647;
			files = (
				3B71A0BB24C5174E00F695D2 /* CQProjectUITests.m in Sources */,
			);
			runOnlyForDeploymentPostprocessing = 0;
		};
/* End PBXSourcesBuildPhase section */

/* Begin PBXTargetDependency section */
		3B71A0AD24C5174E00F695D2 /* PBXTargetDependency */ = {
			isa = PBXTargetDependency;
			target = 3B71A08F24C5174D00F695D2 /* CQProject */;
			targetProxy = 3B71A0AC24C5174E00F695D2 /* PBXContainerItemProxy */;
		};
		3B71A0B824C5174E00F695D2 /* PBXTargetDependency */ = {
			isa = PBXTargetDependency;
			target = 3B71A08F24C5174D00F695D2 /* CQProject */;
			targetProxy = 3B71A0B724C5174E00F695D2 /* PBXContainerItemProxy */;
		};
/* End PBXTargetDependency section */

/* Begin PBXVariantGroup section */
		3B71A09C24C5174D00F695D2 /* Main.storyboard */ = {
			isa = PBXVariantGroup;
			children = (
				3B71A09D24C5174D00F695D2 /* Base */,
			);
			name = Main.storyboard;
			sourceTree = "<group>";
		};
		3B71A0A124C5174E00F695D2 /* LaunchScreen.storyboard */ = {
			isa = PBXVariantGroup;
			children = (
				3B71A0A224C5174E00F695D2 /* Base */,
			);
			name = LaunchScreen.storyboard;
			sourceTree = "<group>";
		};
/* End PBXVariantGroup section */

/* Begin XCBuildConfiguration section */
		3B71A0BD24C5174E00F695D2 /* Debug */ = {
			isa = XCBuildConfiguration;
			buildSettings = {
				ALWAYS_SEARCH_USER_PATHS = NO;
				CLANG_ANALYZER_NONNULL = YES;
				CLANG_ANALYZER_NUMBER_OBJECT_CONVERSION = YES_AGGRESSIVE;
				CLANG_CXX_LANGUAGE_STANDARD = "gnu++14";
				CLANG_CXX_LIBRARY = "libc++";
				CLANG_ENABLE_MODULES = YES;
				CLANG_ENABLE_OBJC_ARC = YES;
				CLANG_ENABLE_OBJC_WEAK = YES;
				CLANG_WARN_BLOCK_CAPTURE_AUTORELEASING = YES;
				CLANG_WARN_BOOL_CONVERSION = YES;
				CLANG_WARN_COMMA = YES;
				CLANG_WARN_CONSTANT_CONVERSION = YES;
				CLANG_WARN_DEPRECATED_OBJC_IMPLEMENTATIONS = YES;
				CLANG_WARN_DIRECT_OBJC_ISA_USAGE = YES_ERROR;
				CLANG_WARN_DOCUMENTATION_COMMENTS = YES;
				CLANG_WARN_EMPTY_BODY = YES;
				CLANG_WARN_ENUM_CONVERSION = YES;
				CLANG_WARN_INFINITE_RECURSION = YES;
				CLANG_WARN_INT_CONVERSION = YES;
				CLANG_WARN_NON_LITERAL_NULL_CONVERSION = YES;
				CLANG_WARN_OBJC_IMPLICIT_RETAIN_SELF = YES;
				CLANG_WARN_OBJC_LITERAL_CONVERSION = YES;
				CLANG_WARN_OBJC_ROOT_CLASS = YES_ERROR;
				CLANG_WARN_RANGE_LOOP_ANALYSIS = YES;
				CLANG_WARN_STRICT_PROTOTYPES = YES;
				CLANG_WARN_SUSPICIOUS_MOVE = YES;
				CLANG_WARN_UNGUARDED_AVAILABILITY = YES_AGGRESSIVE;
				CLANG_WARN_UNREACHABLE_CODE = YES;
				CLANG_WARN__DUPLICATE_METHOD_MATCH = YES;
				COPY_PHASE_STRIP = NO;
				DEBUG_INFORMATION_FORMAT = dwarf;
				ENABLE_STRICT_OBJC_MSGSEND = YES;
				ENABLE_TESTABILITY = YES;
				GCC_C_LANGUAGE_STANDARD = gnu11;
				GCC_DYNAMIC_NO_PIC = NO;
				GCC_NO_COMMON_BLOCKS = YES;
				GCC_OPTIMIZATION_LEVEL = 0;
				GCC_PREPROCESSOR_DEFINITIONS = (
					"DEBUG=1",
					"$(inherited)",
				);
				GCC_WARN_64_TO_32_BIT_CONVERSION = YES;
				GCC_WARN_ABOUT_RETURN_TYPE = YES_ERROR;
				GCC_WARN_UNDECLARED_SELECTOR = YES;
				GCC_WARN_UNINITIALIZED_AUTOS = YES_AGGRESSIVE;
				GCC_WARN_UNUSED_FUNCTION = YES;
				GCC_WARN_UNUSED_VARIABLE = YES;
				IPHONEOS_DEPLOYMENT_TARGET = 13.5;
				MTL_ENABLE_DEBUG_INFO = INCLUDE_SOURCE;
				MTL_FAST_MATH = YES;
				ONLY_ACTIVE_ARCH = YES;
				SDKROOT = iphoneos;
			};
			name = Debug;
		};
		3B71A0BE24C5174E00F695D2 /* Release */ = {
			isa = XCBuildConfiguration;
			buildSettings = {
				ALWAYS_SEARCH_USER_PATHS = NO;
				CLANG_ANALYZER_NONNULL = YES;
				CLANG_ANALYZER_NUMBER_OBJECT_CONVERSION = YES_AGGRESSIVE;
				CLANG_CXX_LANGUAGE_STANDARD = "gnu++14";
				CLANG_CXX_LIBRARY = "libc++";
				CLANG_ENABLE_MODULES = YES;
				CLANG_ENABLE_OBJC_ARC = YES;
				CLANG_ENABLE_OBJC_WEAK = YES;
				CLANG_WARN_BLOCK_CAPTURE_AUTORELEASING = YES;
				CLANG_WARN_BOOL_CONVERSION = YES;
				CLANG_WARN_COMMA = YES;
				CLANG_WARN_CONSTANT_CONVERSION = YES;
				CLANG_WARN_DEPRECATED_OBJC_IMPLEMENTATIONS = YES;
				CLANG_WARN_DIRECT_OBJC_ISA_USAGE = YES_ERROR;
				CLANG_WARN_DOCUMENTATION_COMMENTS = YES;
				CLANG_WARN_EMPTY_BODY = YES;
				CLANG_WARN_ENUM_CONVERSION = YES;
				CLANG_WARN_INFINITE_RECURSION = YES;
				CLANG_WARN_INT_CONVERSION = YES;
				CLANG_WARN_NON_LITERAL_NULL_CONVERSION = YES;
				CLANG_WARN_OBJC_IMPLICIT_RETAIN_SELF = YES;
				CLANG_WARN_OBJC_LITERAL_CONVERSION = YES;
				CLANG_WARN_OBJC_ROOT_CLASS = YES_ERROR;
				CLANG_WARN_RANGE_LOOP_ANALYSIS = YES;
				CLANG_WARN_STRICT_PROTOTYPES = YES;
				CLANG_WARN_SUSPICIOUS_MOVE = YES;
				CLANG_WARN_UNGUARDED_AVAILABILITY = YES_AGGRESSIVE;
				CLANG_WARN_UNREACHABLE_CODE = YES;
				CLANG_WARN__DUPLICATE_METHOD_MATCH = YES;
				COPY_PHASE_STRIP = NO;
				DEBUG_INFORMATION_FORMAT = "dwarf-with-dsym";
				ENABLE_NS_ASSERTIONS = NO;
				ENABLE_STRICT_OBJC_MSGSEND = YES;
				GCC_C_LANGUAGE_STANDARD = gnu11;
				GCC_NO_COMMON_BLOCKS = YES;
				GCC_WARN_64_TO_32_BIT_CONVERSION = YES;
				GCC_WARN_ABOUT_RETURN_TYPE = YES_ERROR;
				GCC_WARN_UNDECLARED_SELECTOR = YES;
				GCC_WARN_UNINITIALIZED_AUTOS = YES_AGGRESSIVE;
				GCC_WARN_UNUSED_FUNCTION = YES;
				GCC_WARN_UNUSED_VARIABLE = YES;
				IPHONEOS_DEPLOYMENT_TARGET = 13.5;
				MTL_ENABLE_DEBUG_INFO = NO;
				MTL_FAST_MATH = YES;
				SDKROOT = iphoneos;
				VALIDATE_PRODUCT = YES;
			};
			name = Release;
		};
		3B71A0C024C5174E00F695D2 /* Debug */ = {
			isa = XCBuildConfiguration;
			baseConfigurationReference = 5F1DFEFFF0570DCAC8513D74 /* Pods-CQProject.debug.xcconfig */;
			buildSettings = {
				ASSETCATALOG_COMPILER_APPICON_NAME = AppIcon;
				CODE_SIGN_STYLE = Automatic;
				DEVELOPMENT_TEAM = AH2S7JJ8V8;
				GCC_PRECOMPILE_PREFIX_HEADER = YES;
				GCC_PREFIX_HEADER = "$(SRCROOT)/CQProject/projectPrefixHeader.pch";
				INFOPLIST_FILE = CQProject/Info.plist;
				LD_RUNPATH_SEARCH_PATHS = (
					"$(inherited)",
					"@executable_path/Frameworks",
				);
				PRODUCT_BUNDLE_IDENTIFIER = com.szy.seebaby.CQProject.nihao;
				PRODUCT_NAME = "$(TARGET_NAME)";
				TARGETED_DEVICE_FAMILY = "1,2";
			};
			name = Debug;
		};
		3B71A0C124C5174E00F695D2 /* Release */ = {
			isa = XCBuildConfiguration;
			baseConfigurationReference = 4BD9EAD8F0B76B275B8BBE09 /* Pods-CQProject.release.xcconfig */;
			buildSettings = {
				ASSETCATALOG_COMPILER_APPICON_NAME = AppIcon;
				CODE_SIGN_STYLE = Automatic;
				DEVELOPMENT_TEAM = AH2S7JJ8V8;
				GCC_PRECOMPILE_PREFIX_HEADER = YES;
				GCC_PREFIX_HEADER = "$(SRCROOT)/CQProject/projectPrefixHeader.pch";
				INFOPLIST_FILE = CQProject/Info.plist;
				LD_RUNPATH_SEARCH_PATHS = (
					"$(inherited)",
					"@executable_path/Frameworks",
				);
				PRODUCT_BUNDLE_IDENTIFIER = com.szy.seebaby.CQProject.nihao;
				PRODUCT_NAME = "$(TARGET_NAME)";
				TARGETED_DEVICE_FAMILY = "1,2";
			};
			name = Release;
		};
		3B71A0C324C5174E00F695D2 /* Debug */ = {
			isa = XCBuildConfiguration;
			baseConfigurationReference = E6C4516B67A34366BEBE8EC8 /* Pods-CQProjectTests.debug.xcconfig */;
			buildSettings = {
				BUNDLE_LOADER = "$(TEST_HOST)";
				CODE_SIGN_STYLE = Automatic;
				INFOPLIST_FILE = CQProjectTests/Info.plist;
				IPHONEOS_DEPLOYMENT_TARGET = 13.5;
				LD_RUNPATH_SEARCH_PATHS = (
					"$(inherited)",
					"@executable_path/Frameworks",
					"@loader_path/Frameworks",
				);
				PRODUCT_BUNDLE_IDENTIFIER = com.szy.seebaby.CQProjectTests;
				PRODUCT_NAME = "$(TARGET_NAME)";
				TARGETED_DEVICE_FAMILY = "1,2";
				TEST_HOST = "$(BUILT_PRODUCTS_DIR)/CQProject.app/CQProject";
			};
			name = Debug;
		};
		3B71A0C424C5174E00F695D2 /* Release */ = {
			isa = XCBuildConfiguration;
			baseConfigurationReference = 08963E625E968B6E00D4203A /* Pods-CQProjectTests.release.xcconfig */;
			buildSettings = {
				BUNDLE_LOADER = "$(TEST_HOST)";
				CODE_SIGN_STYLE = Automatic;
				INFOPLIST_FILE = CQProjectTests/Info.plist;
				IPHONEOS_DEPLOYMENT_TARGET = 13.5;
				LD_RUNPATH_SEARCH_PATHS = (
					"$(inherited)",
					"@executable_path/Frameworks",
					"@loader_path/Frameworks",
				);
				PRODUCT_BUNDLE_IDENTIFIER = com.szy.seebaby.CQProjectTests;
				PRODUCT_NAME = "$(TARGET_NAME)";
				TARGETED_DEVICE_FAMILY = "1,2";
				TEST_HOST = "$(BUILT_PRODUCTS_DIR)/CQProject.app/CQProject";
			};
			name = Release;
		};
		3B71A0C624C5174E00F695D2 /* Debug */ = {
			isa = XCBuildConfiguration;
			baseConfigurationReference = E0E33A8CCC2DC284D51FC8B5 /* Pods-CQProjectUITests.debug.xcconfig */;
			buildSettings = {
				CODE_SIGN_STYLE = Automatic;
				FRAMEWORK_SEARCH_PATHS = (
					"$(inherited)",
					"\"${PODS_CONFIGURATION_BUILD_DIR}/CTMediator\"",
					"\"${PODS_CONFIGURATION_BUILD_DIR}/FBRetainCycleDetector\"",
					"\"${PODS_CONFIGURATION_BUILD_DIR}/MLeaksFinder\"",
					"\"${PODS_CONFIGURATION_BUILD_DIR}/Masonry\"",
					"\"${PODS_CONFIGURATION_BUILD_DIR}/Objection\"",
					"\"${PODS_CONFIGURATION_BUILD_DIR}/REFormattedNumberField\"",
					"\"${PODS_CONFIGURATION_BUILD_DIR}/RETableViewManager\"",
					"\"${PODS_CONFIGURATION_BUILD_DIR}/REValidation\"",
					"\"${PODS_CONFIGURATION_BUILD_DIR}/ReactiveCocoa\"",
					"\"${PODS_CONFIGURATION_BUILD_DIR}/ReactiveViewModel\"",
					"\"${PODS_CONFIGURATION_BUILD_DIR}/SDWebImage\"",
					"\"${PODS_CONFIGURATION_BUILD_DIR}/YYKit\"",
					"\"${PODS_CONFIGURATION_BUILD_DIR}/dsBridge\"",
					"\"${PODS_ROOT}/YYKit/Vendor\"",
				);
				HEADER_SEARCH_PATHS = (
					"$(inherited)",
					"\"${PODS_CONFIGURATION_BUILD_DIR}/CTMediator/CTMediator.framework/Headers\"",
					"\"${PODS_CONFIGURATION_BUILD_DIR}/FBRetainCycleDetector/FBRetainCycleDetector.framework/Headers\"",
					"\"${PODS_CONFIGURATION_BUILD_DIR}/MLeaksFinder/MLeaksFinder.framework/Headers\"",
					"\"${PODS_CONFIGURATION_BUILD_DIR}/Masonry/Masonry.framework/Headers\"",
					"\"${PODS_CONFIGURATION_BUILD_DIR}/Objection/Objection.framework/Headers\"",
					"\"${PODS_CONFIGURATION_BUILD_DIR}/REFormattedNumberField/REFormattedNumberField.framework/Headers\"",
					"\"${PODS_CONFIGURATION_BUILD_DIR}/RETableViewManager/RETableViewManager.framework/Headers\"",
					"\"${PODS_CONFIGURATION_BUILD_DIR}/REValidation/REValidation.framework/Headers\"",
					"\"${PODS_CONFIGURATION_BUILD_DIR}/ReactiveCocoa/ReactiveCocoa.framework/Headers\"",
					"\"${PODS_CONFIGURATION_BUILD_DIR}/ReactiveViewModel/ReactiveViewModel.framework/Headers\"",
					"\"${PODS_CONFIGURATION_BUILD_DIR}/SDWebImage/SDWebImage.framework/Headers\"",
					"\"${PODS_CONFIGURATION_BUILD_DIR}/YYKit/YYKit.framework/Headers\"",
					"\"${PODS_CONFIGURATION_BUILD_DIR}/dsBridge/dsBridge.framework/Headers\"",
				);
				INFOPLIST_FILE = CQProjectUITests/Info.plist;
				LD_RUNPATH_SEARCH_PATHS = (
					"$(inherited)",
					"@executable_path/Frameworks",
					"@loader_path/Frameworks",
				);
				PRODUCT_BUNDLE_IDENTIFIER = com.szy.seebaby.CQProjectUITests;
				PRODUCT_NAME = "$(TARGET_NAME)";
				TARGETED_DEVICE_FAMILY = "1,2";
				TEST_TARGET_NAME = CQProject;
			};
			name = Debug;
		};
		3B71A0C724C5174E00F695D2 /* Release */ = {
			isa = XCBuildConfiguration;
			baseConfigurationReference = C35BBBD340662686362F03D2 /* Pods-CQProjectUITests.release.xcconfig */;
			buildSettings = {
				CODE_SIGN_STYLE = Automatic;
				FRAMEWORK_SEARCH_PATHS = (
					"$(inherited)",
					"\"${PODS_CONFIGURATION_BUILD_DIR}/CTMediator\"",
					"\"${PODS_CONFIGURATION_BUILD_DIR}/FBRetainCycleDetector\"",
					"\"${PODS_CONFIGURATION_BUILD_DIR}/MLeaksFinder\"",
					"\"${PODS_CONFIGURATION_BUILD_DIR}/Masonry\"",
					"\"${PODS_CONFIGURATION_BUILD_DIR}/Objection\"",
					"\"${PODS_CONFIGURATION_BUILD_DIR}/REFormattedNumberField\"",
					"\"${PODS_CONFIGURATION_BUILD_DIR}/RETableViewManager\"",
					"\"${PODS_CONFIGURATION_BUILD_DIR}/REValidation\"",
					"\"${PODS_CONFIGURATION_BUILD_DIR}/ReactiveCocoa\"",
					"\"${PODS_CONFIGURATION_BUILD_DIR}/ReactiveViewModel\"",
					"\"${PODS_CONFIGURATION_BUILD_DIR}/SDWebImage\"",
					"\"${PODS_CONFIGURATION_BUILD_DIR}/YYKit\"",
					"\"${PODS_CONFIGURATION_BUILD_DIR}/dsBridge\"",
					"\"${PODS_ROOT}/YYKit/Vendor\"",
				);
				HEADER_SEARCH_PATHS = (
					"$(inherited)",
					"\"${PODS_CONFIGURATION_BUILD_DIR}/CTMediator/CTMediator.framework/Headers\"",
					"\"${PODS_CONFIGURATION_BUILD_DIR}/FBRetainCycleDetector/FBRetainCycleDetector.framework/Headers\"",
					"\"${PODS_CONFIGURATION_BUILD_DIR}/MLeaksFinder/MLeaksFinder.framework/Headers\"",
					"\"${PODS_CONFIGURATION_BUILD_DIR}/Masonry/Masonry.framework/Headers\"",
					"\"${PODS_CONFIGURATION_BUILD_DIR}/Objection/Objection.framework/Headers\"",
					"\"${PODS_CONFIGURATION_BUILD_DIR}/REFormattedNumberField/REFormattedNumberField.framework/Headers\"",
					"\"${PODS_CONFIGURATION_BUILD_DIR}/RETableViewManager/RETableViewManager.framework/Headers\"",
					"\"${PODS_CONFIGURATION_BUILD_DIR}/REValidation/REValidation.framework/Headers\"",
					"\"${PODS_CONFIGURATION_BUILD_DIR}/ReactiveCocoa/ReactiveCocoa.framework/Headers\"",
					"\"${PODS_CONFIGURATION_BUILD_DIR}/ReactiveViewModel/ReactiveViewModel.framework/Headers\"",
					"\"${PODS_CONFIGURATION_BUILD_DIR}/SDWebImage/SDWebImage.framework/Headers\"",
					"\"${PODS_CONFIGURATION_BUILD_DIR}/YYKit/YYKit.framework/Headers\"",
					"\"${PODS_CONFIGURATION_BUILD_DIR}/dsBridge/dsBridge.framework/Headers\"",
				);
				INFOPLIST_FILE = CQProjectUITests/Info.plist;
				LD_RUNPATH_SEARCH_PATHS = (
					"$(inherited)",
					"@executable_path/Frameworks",
					"@loader_path/Frameworks",
				);
				PRODUCT_BUNDLE_IDENTIFIER = com.szy.seebaby.CQProjectUITests;
				PRODUCT_NAME = "$(TARGET_NAME)";
				TARGETED_DEVICE_FAMILY = "1,2";
				TEST_TARGET_NAME = CQProject;
			};
			name = Release;
		};
/* End XCBuildConfiguration section */

/* Begin XCConfigurationList section */
		3B71A08B24C5174D00F695D2 /* Build configuration list for PBXProject "CQProject" */ = {
			isa = XCConfigurationList;
			buildConfigurations = (
				3B71A0BD24C5174E00F695D2 /* Debug */,
				3B71A0BE24C5174E00F695D2 /* Release */,
			);
			defaultConfigurationIsVisible = 0;
			defaultConfigurationName = Release;
		};
		3B71A0BF24C5174E00F695D2 /* Build configuration list for PBXNativeTarget "CQProject" */ = {
			isa = XCConfigurationList;
			buildConfigurations = (
				3B71A0C024C5174E00F695D2 /* Debug */,
				3B71A0C124C5174E00F695D2 /* Release */,
			);
			defaultConfigurationIsVisible = 0;
			defaultConfigurationName = Release;
		};
		3B71A0C224C5174E00F695D2 /* Build configuration list for PBXNativeTarget "CQProjectTests" */ = {
			isa = XCConfigurationList;
			buildConfigurations = (
				3B71A0C324C5174E00F695D2 /* Debug */,
				3B71A0C424C5174E00F695D2 /* Release */,
			);
			defaultConfigurationIsVisible = 0;
			defaultConfigurationName = Release;
		};
		3B71A0C524C5174E00F695D2 /* Build configuration list for PBXNativeTarget "CQProjectUITests" */ = {
			isa = XCConfigurationList;
			buildConfigurations = (
				3B71A0C624C5174E00F695D2 /* Debug */,
				3B71A0C724C5174E00F695D2 /* Release */,
			);
			defaultConfigurationIsVisible = 0;
			defaultConfigurationName = Release;
		};
/* End XCConfigurationList section */
	};
	rootObject = 3B71A08824C5174D00F695D2 /* Project object */;
}
